
Microsoft Visual Studio Solution File, Format Version 12.00
# Visual Studio 2012
Project("{2150E333-8FDC-42A3-9474-1A3956D46DE8}") = "ComponentModel", "ComponentModel", "{F1B742A3-F342-4C78-80CE-4E8553C8BBDA}"
EndProject
Project("{2150E333-8FDC-42A3-9474-1A3956D46DE8}") = "ServiceModel", "ServiceModel", "{9F9C4C11-3E50-4AFF-A2FC-47B69D301B2A}"
EndProject
Project("{FAE04EC0-301F-11D3-BF4B-00C04F79EFBC}") = "Properties", "Composable.System.ComponentModel.Properties\Properties.csproj", "{D7C1DC0F-8436-46A5-9EB6-6ACB5CDB3F14}"
EndProject
Project("{FAE04EC0-301F-11D3-BF4B-00C04F79EFBC}") = "Properties.Tests", "Composable.System.ComponentModel.Properties.Tests\Properties.Tests.csproj", "{722C146D-4670-4F38-B3F0-8E150F504175}"
EndProject
Project("{FAE04EC0-301F-11D3-BF4B-00C04F79EFBC}") = "Composable.Core", "Composable.System\Composable.Core.csproj", "{3632254D-0C4A-4EB8-B388-4C99F8939584}"
EndProject
Project("{FAE04EC0-301F-11D3-BF4B-00C04F79EFBC}") = "Composable.Core.Tests", "Composable.System.Tests\Composable.Core.Tests.csproj", "{4C78131D-DD7B-4C3E-B931-D4C6436EE09E}"
EndProject
Project("{FAE04EC0-301F-11D3-BF4B-00C04F79EFBC}") = "ServiceModel", "Composable.System.ServiceModel\ServiceModel.csproj", "{5CCD8EC5-BC03-475F-83AB-0B21B978B06F}"
EndProject
Project("{FAE04EC0-301F-11D3-BF4B-00C04F79EFBC}") = "ServiceModel.Tests", "Composable.System.ServiceModel.Tests\ServiceModel.Tests.csproj", "{309FC0B1-D190-47EF-97FA-6F9B13759ACF}"
EndProject
Project("{FAE04EC0-301F-11D3-BF4B-00C04F79EFBC}") = "Void.SpaceTime", "Void.SpaceTime\Void.SpaceTime.csproj", "{FA1CE09A-37EA-4D3F-BF5C-F34E2F968CF5}"
EndProject
Project("{2150E333-8FDC-42A3-9474-1A3956D46DE8}") = "SpaceTime", "SpaceTime", "{FEA64E09-3112-4D0A-BFA4-94C07102C7A4}"
EndProject
Project("{FAE04EC0-301F-11D3-BF4B-00C04F79EFBC}") = "Void.SpaceTime.Tests", "Void.SpaceTime.Tests\Void.SpaceTime.Tests.csproj", "{17365D06-300A-48F9-BE6E-732480F08B41}"
EndProject
Project("{2150E333-8FDC-42A3-9474-1A3956D46DE8}") = "CQRS", "CQRS", "{F6C1DEDE-DA88-4FC7-B727-0E5E6CE015AA}"
EndProject
Project("{FAE04EC0-301F-11D3-BF4B-00C04F79EFBC}") = "Composable.CQRS", "Composable.CQRS\Composable.CQRS.csproj", "{3B776BD4-0EDD-4A83-BC9A-3A53D6649AB0}"
EndProject
Project("{FAE04EC0-301F-11D3-BF4B-00C04F79EFBC}") = "CQRS.Tests", "Composable.CQRS.Tests\CQRS.Tests.csproj", "{67B7945C-CCBE-43CC-B302-4EFE87DD9DF5}"
EndProject
Project("{2150E333-8FDC-42A3-9474-1A3956D46DE8}") = "AutoMapper", "AutoMapper", "{348D8CDB-7A1D-47F6-8680-4292DC3FF6AB}"
EndProject
Project("{FAE04EC0-301F-11D3-BF4B-00C04F79EFBC}") = "Composable.CQRS.NHibernate", "Composable.CQRS.NHibernate\Composable.CQRS.NHibernate.csproj", "{A858472F-F790-4A3B-8782-B7F4FDAECFA1}"
EndProject
Project("{FAE04EC0-301F-11D3-BF4B-00C04F79EFBC}") = "Composable.AutoMapper.Tests", "Composable.AutoMapper.Tests\Composable.AutoMapper.Tests.csproj", "{675CDA2B-05D2-4330-A782-294C9EF12A4F}"
EndProject
Project("{FAE04EC0-301F-11D3-BF4B-00C04F79EFBC}") = "Composable.AutoMapper", "Composable.AutoMapper\Composable.AutoMapper.csproj", "{AA0A55FE-EA05-4A3B-9FB7-47E1D570F1CF}"
EndProject
Project("{FAE04EC0-301F-11D3-BF4B-00C04F79EFBC}") = "Composable.CQRS.ServiceBus.NServiceBus", "Composable.CQRS.ServiceBus.NServiceBus\Composable.CQRS.ServiceBus.NServiceBus.csproj", "{8E02A33A-FFE5-4484-B279-E00F86D5999B}"
EndProject
Project("{FAE04EC0-301F-11D3-BF4B-00C04F79EFBC}") = "Composable.CQRS.Testing", "Composable.CQRS.Testing\Composable.CQRS.Testing.csproj", "{D7F30AB8-1C8F-4F0D-8E89-6E4DABF52941}"
EndProject
Project("{FAE04EC0-301F-11D3-BF4B-00C04F79EFBC}") = "Composable.DomainEvents", "Composable.DomainEvents\Composable.DomainEvents.csproj", "{CD7ECAB7-AD05-43A6-A13E-74340838DDDE}"
EndProject
Project("{FAE04EC0-301F-11D3-BF4B-00C04F79EFBC}") = "Composable.CQRS.Windsor", "Composable.CQRS.Windsor\Composable.CQRS.Windsor.csproj", "{E1705F7A-936C-49E1-9418-9AB2FA34678E}"
EndProject
Project("{2150E333-8FDC-42A3-9474-1A3956D46DE8}") = "Packaging", "Packaging", "{691518D4-146C-43DA-95A0-F8BFB0283AFC}"
	ProjectSection(SolutionItems) = preProject
		buildpackages.ps1 = buildpackages.ps1
	EndProjectSection
EndProject
Project("{FAE04EC0-301F-11D3-BF4B-00C04F79EFBC}") = "Composable.CQRS.ServiceBus.NServicebus.Tests.TransactionSupport", "Composable.CQRS.ServiceBus.NServicebus.Tests.TransactionSupport\Composable.CQRS.ServiceBus.NServicebus.Tests.TransactionSupport.csproj", "{E47F1459-865B-48EB-A74E-37B0472672EC}"
EndProject
Project("{FAE04EC0-301F-11D3-BF4B-00C04F79EFBC}") = "Composable.CQRS.ServiceBus.NServicebus.Tests.UowTests", "Composable.CQRS.ServiceBus.NServicebus.Tests.UowTests\Composable.CQRS.ServiceBus.NServicebus.Tests.UowTests.csproj", "{050809B2-AFFD-487E-989F-BF9E470C0DB6}"
EndProject
Project("{2150E333-8FDC-42A3-9474-1A3956D46DE8}") = ".nuget", ".nuget", "{A77F75B5-1464-4F4D-A03A-4CD3D8BA5AA1}"
	ProjectSection(SolutionItems) = preProject
		.nuget\NuGet.exe = .nuget\NuGet.exe
		.nuget\NuGet.targets = .nuget\NuGet.targets
	EndProjectSection
EndProject
Project("{FAE04EC0-301F-11D3-BF4B-00C04F79EFBC}") = "Composable.CQRS.ServiceBus.NServicebus.Tests", "Composable.CQRS.ServiceBus.NServicebus.Tests\Composable.CQRS.ServiceBus.NServicebus.Tests.csproj", "{63357796-D4A6-4ABB-81AB-CCCC77D70D9C}"
EndProject
Project("{FAE04EC0-301F-11D3-BF4B-00C04F79EFBC}") = "Composable.CQRS.ServiceBus.NServiceBus.Tests.ErrorMessages", "Composable.CQRS.ServiceBus.NServiceBus.ErrorMessagesTests\Composable.CQRS.ServiceBus.NServiceBus.Tests.ErrorMessages.csproj", "{59C86A43-D962-4596-A22D-5D956CE0A0DD}"
EndProject
Project("{2150E333-8FDC-42A3-9474-1A3956D46DE8}") = "Testing", "Testing", "{BE584942-0A3C-4445-82F7-2C05C0438819}"
EndProject
Project("{FAE04EC0-301F-11D3-BF4B-00C04F79EFBC}") = "NSpec.NUnit", "NSpec.NUnit\NSpec.NUnit.csproj", "{1CD466E7-48CF-45EF-BE1F-29C17F705B39}"
EndProject
Global
	GlobalSection(SolutionConfigurationPlatforms) = preSolution
		Debug|Any CPU = Debug|Any CPU
		Release|Any CPU = Release|Any CPU
	EndGlobalSection
	GlobalSection(ProjectConfigurationPlatforms) = postSolution
		{D7C1DC0F-8436-46A5-9EB6-6ACB5CDB3F14}.Debug|Any CPU.ActiveCfg = Debug|Any CPU
		{D7C1DC0F-8436-46A5-9EB6-6ACB5CDB3F14}.Debug|Any CPU.Build.0 = Debug|Any CPU
		{D7C1DC0F-8436-46A5-9EB6-6ACB5CDB3F14}.Release|Any CPU.ActiveCfg = Release|Any CPU
		{D7C1DC0F-8436-46A5-9EB6-6ACB5CDB3F14}.Release|Any CPU.Build.0 = Release|Any CPU
		{722C146D-4670-4F38-B3F0-8E150F504175}.Debug|Any CPU.ActiveCfg = Debug|Any CPU
		{722C146D-4670-4F38-B3F0-8E150F504175}.Debug|Any CPU.Build.0 = Debug|Any CPU
		{722C146D-4670-4F38-B3F0-8E150F504175}.Release|Any CPU.ActiveCfg = Release|Any CPU
		{722C146D-4670-4F38-B3F0-8E150F504175}.Release|Any CPU.Build.0 = Release|Any CPU
		{3632254D-0C4A-4EB8-B388-4C99F8939584}.Debug|Any CPU.ActiveCfg = Debug|Any CPU
		{3632254D-0C4A-4EB8-B388-4C99F8939584}.Debug|Any CPU.Build.0 = Debug|Any CPU
		{3632254D-0C4A-4EB8-B388-4C99F8939584}.Release|Any CPU.ActiveCfg = Release|Any CPU
		{3632254D-0C4A-4EB8-B388-4C99F8939584}.Release|Any CPU.Build.0 = Release|Any CPU
		{4C78131D-DD7B-4C3E-B931-D4C6436EE09E}.Debug|Any CPU.ActiveCfg = Debug|Any CPU
		{4C78131D-DD7B-4C3E-B931-D4C6436EE09E}.Debug|Any CPU.Build.0 = Debug|Any CPU
		{4C78131D-DD7B-4C3E-B931-D4C6436EE09E}.Release|Any CPU.ActiveCfg = Release|Any CPU
		{4C78131D-DD7B-4C3E-B931-D4C6436EE09E}.Release|Any CPU.Build.0 = Release|Any CPU
		{5CCD8EC5-BC03-475F-83AB-0B21B978B06F}.Debug|Any CPU.ActiveCfg = Debug|Any CPU
		{5CCD8EC5-BC03-475F-83AB-0B21B978B06F}.Debug|Any CPU.Build.0 = Debug|Any CPU
		{5CCD8EC5-BC03-475F-83AB-0B21B978B06F}.Release|Any CPU.ActiveCfg = Release|Any CPU
		{5CCD8EC5-BC03-475F-83AB-0B21B978B06F}.Release|Any CPU.Build.0 = Release|Any CPU
		{309FC0B1-D190-47EF-97FA-6F9B13759ACF}.Debug|Any CPU.ActiveCfg = Debug|Any CPU
		{309FC0B1-D190-47EF-97FA-6F9B13759ACF}.Debug|Any CPU.Build.0 = Debug|Any CPU
		{309FC0B1-D190-47EF-97FA-6F9B13759ACF}.Release|Any CPU.ActiveCfg = Release|Any CPU
		{309FC0B1-D190-47EF-97FA-6F9B13759ACF}.Release|Any CPU.Build.0 = Release|Any CPU
		{FA1CE09A-37EA-4D3F-BF5C-F34E2F968CF5}.Debug|Any CPU.ActiveCfg = Debug|Any CPU
		{FA1CE09A-37EA-4D3F-BF5C-F34E2F968CF5}.Debug|Any CPU.Build.0 = Debug|Any CPU
		{FA1CE09A-37EA-4D3F-BF5C-F34E2F968CF5}.Release|Any CPU.ActiveCfg = Release|Any CPU
		{FA1CE09A-37EA-4D3F-BF5C-F34E2F968CF5}.Release|Any CPU.Build.0 = Release|Any CPU
		{17365D06-300A-48F9-BE6E-732480F08B41}.Debug|Any CPU.ActiveCfg = Debug|Any CPU
		{17365D06-300A-48F9-BE6E-732480F08B41}.Debug|Any CPU.Build.0 = Debug|Any CPU
		{17365D06-300A-48F9-BE6E-732480F08B41}.Release|Any CPU.ActiveCfg = Release|Any CPU
		{17365D06-300A-48F9-BE6E-732480F08B41}.Release|Any CPU.Build.0 = Release|Any CPU
		{3B776BD4-0EDD-4A83-BC9A-3A53D6649AB0}.Debug|Any CPU.ActiveCfg = Debug|Any CPU
		{3B776BD4-0EDD-4A83-BC9A-3A53D6649AB0}.Debug|Any CPU.Build.0 = Debug|Any CPU
		{3B776BD4-0EDD-4A83-BC9A-3A53D6649AB0}.Release|Any CPU.ActiveCfg = Release|Any CPU
		{3B776BD4-0EDD-4A83-BC9A-3A53D6649AB0}.Release|Any CPU.Build.0 = Release|Any CPU
		{67B7945C-CCBE-43CC-B302-4EFE87DD9DF5}.Debug|Any CPU.ActiveCfg = Debug|Any CPU
		{67B7945C-CCBE-43CC-B302-4EFE87DD9DF5}.Debug|Any CPU.Build.0 = Debug|Any CPU
		{67B7945C-CCBE-43CC-B302-4EFE87DD9DF5}.Release|Any CPU.ActiveCfg = Release|Any CPU
		{67B7945C-CCBE-43CC-B302-4EFE87DD9DF5}.Release|Any CPU.Build.0 = Release|Any CPU
		{A858472F-F790-4A3B-8782-B7F4FDAECFA1}.Debug|Any CPU.ActiveCfg = Debug|Any CPU
		{A858472F-F790-4A3B-8782-B7F4FDAECFA1}.Debug|Any CPU.Build.0 = Debug|Any CPU
		{A858472F-F790-4A3B-8782-B7F4FDAECFA1}.Release|Any CPU.ActiveCfg = Release|Any CPU
		{A858472F-F790-4A3B-8782-B7F4FDAECFA1}.Release|Any CPU.Build.0 = Release|Any CPU
		{675CDA2B-05D2-4330-A782-294C9EF12A4F}.Debug|Any CPU.ActiveCfg = Debug|Any CPU
		{675CDA2B-05D2-4330-A782-294C9EF12A4F}.Debug|Any CPU.Build.0 = Debug|Any CPU
		{675CDA2B-05D2-4330-A782-294C9EF12A4F}.Release|Any CPU.ActiveCfg = Release|Any CPU
		{675CDA2B-05D2-4330-A782-294C9EF12A4F}.Release|Any CPU.Build.0 = Release|Any CPU
		{AA0A55FE-EA05-4A3B-9FB7-47E1D570F1CF}.Debug|Any CPU.ActiveCfg = Debug|Any CPU
		{AA0A55FE-EA05-4A3B-9FB7-47E1D570F1CF}.Debug|Any CPU.Build.0 = Debug|Any CPU
		{AA0A55FE-EA05-4A3B-9FB7-47E1D570F1CF}.Release|Any CPU.ActiveCfg = Release|Any CPU
		{AA0A55FE-EA05-4A3B-9FB7-47E1D570F1CF}.Release|Any CPU.Build.0 = Release|Any CPU
		{8E02A33A-FFE5-4484-B279-E00F86D5999B}.Debug|Any CPU.ActiveCfg = Debug|Any CPU
		{8E02A33A-FFE5-4484-B279-E00F86D5999B}.Debug|Any CPU.Build.0 = Debug|Any CPU
		{8E02A33A-FFE5-4484-B279-E00F86D5999B}.Release|Any CPU.ActiveCfg = Release|Any CPU
		{8E02A33A-FFE5-4484-B279-E00F86D5999B}.Release|Any CPU.Build.0 = Release|Any CPU
		{D7F30AB8-1C8F-4F0D-8E89-6E4DABF52941}.Debug|Any CPU.ActiveCfg = Debug|Any CPU
		{D7F30AB8-1C8F-4F0D-8E89-6E4DABF52941}.Debug|Any CPU.Build.0 = Debug|Any CPU
		{D7F30AB8-1C8F-4F0D-8E89-6E4DABF52941}.Release|Any CPU.ActiveCfg = Release|Any CPU
		{D7F30AB8-1C8F-4F0D-8E89-6E4DABF52941}.Release|Any CPU.Build.0 = Release|Any CPU
		{CD7ECAB7-AD05-43A6-A13E-74340838DDDE}.Debug|Any CPU.ActiveCfg = Debug|Any CPU
		{CD7ECAB7-AD05-43A6-A13E-74340838DDDE}.Debug|Any CPU.Build.0 = Debug|Any CPU
		{CD7ECAB7-AD05-43A6-A13E-74340838DDDE}.Release|Any CPU.ActiveCfg = Release|Any CPU
		{CD7ECAB7-AD05-43A6-A13E-74340838DDDE}.Release|Any CPU.Build.0 = Release|Any CPU
		{E1705F7A-936C-49E1-9418-9AB2FA34678E}.Debug|Any CPU.ActiveCfg = Debug|Any CPU
		{E1705F7A-936C-49E1-9418-9AB2FA34678E}.Debug|Any CPU.Build.0 = Debug|Any CPU
		{E1705F7A-936C-49E1-9418-9AB2FA34678E}.Release|Any CPU.ActiveCfg = Release|Any CPU
		{E1705F7A-936C-49E1-9418-9AB2FA34678E}.Release|Any CPU.Build.0 = Release|Any CPU
		{E47F1459-865B-48EB-A74E-37B0472672EC}.Debug|Any CPU.ActiveCfg = Debug|Any CPU
		{E47F1459-865B-48EB-A74E-37B0472672EC}.Debug|Any CPU.Build.0 = Debug|Any CPU
		{E47F1459-865B-48EB-A74E-37B0472672EC}.Release|Any CPU.ActiveCfg = Release|Any CPU
		{E47F1459-865B-48EB-A74E-37B0472672EC}.Release|Any CPU.Build.0 = Release|Any CPU
		{050809B2-AFFD-487E-989F-BF9E470C0DB6}.Debug|Any CPU.ActiveCfg = Debug|Any CPU
		{050809B2-AFFD-487E-989F-BF9E470C0DB6}.Debug|Any CPU.Build.0 = Debug|Any CPU
		{050809B2-AFFD-487E-989F-BF9E470C0DB6}.Release|Any CPU.ActiveCfg = Release|Any CPU
		{050809B2-AFFD-487E-989F-BF9E470C0DB6}.Release|Any CPU.Build.0 = Release|Any CPU
		{63357796-D4A6-4ABB-81AB-CCCC77D70D9C}.Debug|Any CPU.ActiveCfg = Debug|Any CPU
		{63357796-D4A6-4ABB-81AB-CCCC77D70D9C}.Debug|Any CPU.Build.0 = Debug|Any CPU
		{63357796-D4A6-4ABB-81AB-CCCC77D70D9C}.Release|Any CPU.ActiveCfg = Release|Any CPU
		{63357796-D4A6-4ABB-81AB-CCCC77D70D9C}.Release|Any CPU.Build.0 = Release|Any CPU
		{59C86A43-D962-4596-A22D-5D956CE0A0DD}.Debug|Any CPU.ActiveCfg = Debug|Any CPU
		{59C86A43-D962-4596-A22D-5D956CE0A0DD}.Debug|Any CPU.Build.0 = Debug|Any CPU
		{59C86A43-D962-4596-A22D-5D956CE0A0DD}.Release|Any CPU.ActiveCfg = Release|Any CPU
		{59C86A43-D962-4596-A22D-5D956CE0A0DD}.Release|Any CPU.Build.0 = Release|Any CPU
		{1CD466E7-48CF-45EF-BE1F-29C17F705B39}.Debug|Any CPU.ActiveCfg = Debug|Any CPU
		{1CD466E7-48CF-45EF-BE1F-29C17F705B39}.Debug|Any CPU.Build.0 = Debug|Any CPU
		{1CD466E7-48CF-45EF-BE1F-29C17F705B39}.Release|Any CPU.ActiveCfg = Release|Any CPU
		{1CD466E7-48CF-45EF-BE1F-29C17F705B39}.Release|Any CPU.Build.0 = Release|Any CPU
	EndGlobalSection
	GlobalSection(SolutionProperties) = preSolution
		HideSolutionNode = FALSE
	EndGlobalSection
	GlobalSection(NestedProjects) = preSolution
		{D7C1DC0F-8436-46A5-9EB6-6ACB5CDB3F14} = {F1B742A3-F342-4C78-80CE-4E8553C8BBDA}
		{722C146D-4670-4F38-B3F0-8E150F504175} = {F1B742A3-F342-4C78-80CE-4E8553C8BBDA}
		{5CCD8EC5-BC03-475F-83AB-0B21B978B06F} = {9F9C4C11-3E50-4AFF-A2FC-47B69D301B2A}
		{309FC0B1-D190-47EF-97FA-6F9B13759ACF} = {9F9C4C11-3E50-4AFF-A2FC-47B69D301B2A}
		{FA1CE09A-37EA-4D3F-BF5C-F34E2F968CF5} = {FEA64E09-3112-4D0A-BFA4-94C07102C7A4}
		{17365D06-300A-48F9-BE6E-732480F08B41} = {FEA64E09-3112-4D0A-BFA4-94C07102C7A4}
		{3B776BD4-0EDD-4A83-BC9A-3A53D6649AB0} = {F6C1DEDE-DA88-4FC7-B727-0E5E6CE015AA}
		{67B7945C-CCBE-43CC-B302-4EFE87DD9DF5} = {F6C1DEDE-DA88-4FC7-B727-0E5E6CE015AA}
		{A858472F-F790-4A3B-8782-B7F4FDAECFA1} = {F6C1DEDE-DA88-4FC7-B727-0E5E6CE015AA}
		{8E02A33A-FFE5-4484-B279-E00F86D5999B} = {F6C1DEDE-DA88-4FC7-B727-0E5E6CE015AA}
		{D7F30AB8-1C8F-4F0D-8E89-6E4DABF52941} = {F6C1DEDE-DA88-4FC7-B727-0E5E6CE015AA}
		{CD7ECAB7-AD05-43A6-A13E-74340838DDDE} = {F6C1DEDE-DA88-4FC7-B727-0E5E6CE015AA}
		{E1705F7A-936C-49E1-9418-9AB2FA34678E} = {F6C1DEDE-DA88-4FC7-B727-0E5E6CE015AA}
		{E47F1459-865B-48EB-A74E-37B0472672EC} = {F6C1DEDE-DA88-4FC7-B727-0E5E6CE015AA}
		{050809B2-AFFD-487E-989F-BF9E470C0DB6} = {F6C1DEDE-DA88-4FC7-B727-0E5E6CE015AA}
		{63357796-D4A6-4ABB-81AB-CCCC77D70D9C} = {F6C1DEDE-DA88-4FC7-B727-0E5E6CE015AA}
		{59C86A43-D962-4596-A22D-5D956CE0A0DD} = {F6C1DEDE-DA88-4FC7-B727-0E5E6CE015AA}
		{675CDA2B-05D2-4330-A782-294C9EF12A4F} = {348D8CDB-7A1D-47F6-8680-4292DC3FF6AB}
		{AA0A55FE-EA05-4A3B-9FB7-47E1D570F1CF} = {348D8CDB-7A1D-47F6-8680-4292DC3FF6AB}
		{1CD466E7-48CF-45EF-BE1F-29C17F705B39} = {BE584942-0A3C-4445-82F7-2C05C0438819}
	EndGlobalSection
EndGlobal
