
Microsoft Visual Studio Solution File, Format Version 12.00
# Visual Studio 14
VisualStudioVersion = 14.0.25420.1
MinimumVisualStudioVersion = 10.0.40219.1
Project("{FAE04EC0-301F-11D3-BF4B-00C04F79EFBC}") = "Composable.Core", "Composable.System\Composable.Core.csproj", "{3632254D-0C4A-4EB8-B388-4C99F8939584}"
EndProject
Project("{FAE04EC0-301F-11D3-BF4B-00C04F79EFBC}") = "Composable.Core.Tests", "Composable.System.Tests\Composable.Core.Tests.csproj", "{4C78131D-DD7B-4C3E-B931-D4C6436EE09E}"
EndProject
Project("{FAE04EC0-301F-11D3-BF4B-00C04F79EFBC}") = "Composable.CQRS", "Composable.CQRS\Composable.CQRS.csproj", "{3B776BD4-0EDD-4A83-BC9A-3A53D6649AB0}"
EndProject
Project("{FAE04EC0-301F-11D3-BF4B-00C04F79EFBC}") = "Composable.CQRS.Tests", "Composable.CQRS.Tests\Composable.CQRS.Tests.csproj", "{67B7945C-CCBE-43CC-B302-4EFE87DD9DF5}"
EndProject
Project("{FAE04EC0-301F-11D3-BF4B-00C04F79EFBC}") = "Composable.CQRS.NHibernate", "Composable.CQRS.NHibernate\Composable.CQRS.NHibernate.csproj", "{A858472F-F790-4A3B-8782-B7F4FDAECFA1}"
EndProject
Project("{FAE04EC0-301F-11D3-BF4B-00C04F79EFBC}") = "Composable.AutoMapper.Tests", "Composable.AutoMapper.Tests\Composable.AutoMapper.Tests.csproj", "{675CDA2B-05D2-4330-A782-294C9EF12A4F}"
EndProject
Project("{FAE04EC0-301F-11D3-BF4B-00C04F79EFBC}") = "Composable.AutoMapper", "Composable.AutoMapper\Composable.AutoMapper.csproj", "{AA0A55FE-EA05-4A3B-9FB7-47E1D570F1CF}"
EndProject
Project("{FAE04EC0-301F-11D3-BF4B-00C04F79EFBC}") = "Composable.CQRS.ServiceBus.NServiceBus", "Composable.CQRS.ServiceBus.NServiceBus\Composable.CQRS.ServiceBus.NServiceBus.csproj", "{8E02A33A-FFE5-4484-B279-E00F86D5999B}"
EndProject
Project("{FAE04EC0-301F-11D3-BF4B-00C04F79EFBC}") = "Composable.CQRS.Testing", "Composable.CQRS.Testing\Composable.CQRS.Testing.csproj", "{D7F30AB8-1C8F-4F0D-8E89-6E4DABF52941}"
EndProject
Project("{FAE04EC0-301F-11D3-BF4B-00C04F79EFBC}") = "Composable.DomainEvents", "Composable.DomainEvents\Composable.DomainEvents.csproj", "{CD7ECAB7-AD05-43A6-A13E-74340838DDDE}"
EndProject
Project("{FAE04EC0-301F-11D3-BF4B-00C04F79EFBC}") = "Composable.CQRS.Windsor", "Composable.CQRS.Windsor\Composable.CQRS.Windsor.csproj", "{E1705F7A-936C-49E1-9418-9AB2FA34678E}"
EndProject
Project("{2150E333-8FDC-42A3-9474-1A3956D46DE8}") = "Packaging", "Packaging", "{691518D4-146C-43DA-95A0-F8BFB0283AFC}"
	ProjectSection(SolutionItems) = preProject
		buildpackages.ps1 = buildpackages.ps1
		CommonAssemblyInfo.cs = CommonAssemblyInfo.cs
		nuget.config = nuget.config
	EndProjectSection
EndProject
Project("{FAE04EC0-301F-11D3-BF4B-00C04F79EFBC}") = "Composable.CQRS.ServiceBus.NServicebus.Tests.TransactionSupport", "Composable.CQRS.ServiceBus.NServicebus.Tests.TransactionSupport\Composable.CQRS.ServiceBus.NServicebus.Tests.TransactionSupport.csproj", "{E47F1459-865B-48EB-A74E-37B0472672EC}"
EndProject
Project("{FAE04EC0-301F-11D3-BF4B-00C04F79EFBC}") = "Composable.CQRS.ServiceBus.NServicebus.Tests", "Composable.CQRS.ServiceBus.NServicebus.Tests\Composable.CQRS.ServiceBus.NServicebus.Tests.csproj", "{63357796-D4A6-4ABB-81AB-CCCC77D70D9C}"
EndProject
Project("{FAE04EC0-301F-11D3-BF4B-00C04F79EFBC}") = "NSpec.NUnit", "NSpec.NUnit\NSpec.NUnit.csproj", "{1CD466E7-48CF-45EF-BE1F-29C17F705B39}"
EndProject
Project("{FAE04EC0-301F-11D3-BF4B-00C04F79EFBC}") = "Composable.Contracts", "Composable.Contracts\Composable.Contracts.csproj", "{579A5738-6B8A-41E4-B2F3-5FD4CA595786}"
EndProject
Project("{FAE04EC0-301F-11D3-BF4B-00C04F79EFBC}") = "Composable.Contracts.Tests", "Composable.Contracts.Tests\Composable.Contracts.Tests.csproj", "{DE8C43D2-5DD6-4886-965E-50A47A942E4F}"
EndProject
Project("{FAE04EC0-301F-11D3-BF4B-00C04F79EFBC}") = "Composable.CQRS.Specs", "Composable.CQRS.Specs\Composable.CQRS.Specs.csproj", "{8F18F59C-CFE5-4AC4-8801-0639048DA080}"
EndProject
Project("{FAE04EC0-301F-11D3-BF4B-00C04F79EFBC}") = "Composable.Persistence.ORM.NHibernate", "Composable.Persistence.ORM.NHibernate\Composable.Persistence.ORM.NHibernate.csproj", "{39D263A4-CD18-4B6B-9531-1D335DFF72DC}"
EndProject
Project("{FAE04EC0-301F-11D3-BF4B-00C04F79EFBC}") = "Composable.Windsor", "Composable.Windsor\Composable.Windsor.csproj", "{646DCE1F-A503-4158-80FB-AAA219C4CEFF}"
EndProject
Project("{2150E333-8FDC-42A3-9474-1A3956D46DE8}") = "CQRS", "CQRS", "{B7E0D923-5519-4D0D-83D1-971C4A034A74}"
EndProject
Project("{2150E333-8FDC-42A3-9474-1A3956D46DE8}") = "Samples", "Samples", "{992D184A-6882-424D-8027-DA409309DCFA}"
EndProject
Project("{2150E333-8FDC-42A3-9474-1A3956D46DE8}") = "Composable", "Composable", "{9CD284F1-8738-485C-899B-30FDE5384A86}"
EndProject
Project("{2150E333-8FDC-42A3-9474-1A3956D46DE8}") = "Contracts", "Contracts", "{1A16C9ED-3CC1-437A-9E20-62481F3FD3E5}"
EndProject
Project("{2150E333-8FDC-42A3-9474-1A3956D46DE8}") = "Automapper", "Automapper", "{EA2D4130-93E7-4FE3-9831-06B0866278A2}"
EndProject
Project("{2150E333-8FDC-42A3-9474-1A3956D46DE8}") = "Other", "Other", "{AE4A974C-DB59-48DF-BE0C-3CE8C2F5BF4F}"
EndProject
Project("{7CF6DF6D-3B04-46F8-A40B-537D21BCA0B4}") = "SandcastleDocumentation", "SandcastleDocumentation\SandcastleDocumentation.shfbproj", "{467A4F57-7791-4771-B7FC-0EEAD508723D}"
	ProjectSection(ProjectDependencies) = postProject
		{4C78131D-DD7B-4C3E-B931-D4C6436EE09E} = {4C78131D-DD7B-4C3E-B931-D4C6436EE09E}
		{646DCE1F-A503-4158-80FB-AAA219C4CEFF} = {646DCE1F-A503-4158-80FB-AAA219C4CEFF}
		{675CDA2B-05D2-4330-A782-294C9EF12A4F} = {675CDA2B-05D2-4330-A782-294C9EF12A4F}
		{A858472F-F790-4A3B-8782-B7F4FDAECFA1} = {A858472F-F790-4A3B-8782-B7F4FDAECFA1}
		{579A5738-6B8A-41E4-B2F3-5FD4CA595786} = {579A5738-6B8A-41E4-B2F3-5FD4CA595786}
		{8E02A33A-FFE5-4484-B279-E00F86D5999B} = {8E02A33A-FFE5-4484-B279-E00F86D5999B}
		{3632254D-0C4A-4EB8-B388-4C99F8939584} = {3632254D-0C4A-4EB8-B388-4C99F8939584}
		{E47F1459-865B-48EB-A74E-37B0472672EC} = {E47F1459-865B-48EB-A74E-37B0472672EC}
		{67B7945C-CCBE-43CC-B302-4EFE87DD9DF5} = {67B7945C-CCBE-43CC-B302-4EFE87DD9DF5}
		{E1705F7A-936C-49E1-9418-9AB2FA34678E} = {E1705F7A-936C-49E1-9418-9AB2FA34678E}
		{63357796-D4A6-4ABB-81AB-CCCC77D70D9C} = {63357796-D4A6-4ABB-81AB-CCCC77D70D9C}
		{8F18F59C-CFE5-4AC4-8801-0639048DA080} = {8F18F59C-CFE5-4AC4-8801-0639048DA080}
		{39D263A4-CD18-4B6B-9531-1D335DFF72DC} = {39D263A4-CD18-4B6B-9531-1D335DFF72DC}
		{CD7ECAB7-AD05-43A6-A13E-74340838DDDE} = {CD7ECAB7-AD05-43A6-A13E-74340838DDDE}
		{D7F30AB8-1C8F-4F0D-8E89-6E4DABF52941} = {D7F30AB8-1C8F-4F0D-8E89-6E4DABF52941}
		{DE8C43D2-5DD6-4886-965E-50A47A942E4F} = {DE8C43D2-5DD6-4886-965E-50A47A942E4F}
		{3B776BD4-0EDD-4A83-BC9A-3A53D6649AB0} = {3B776BD4-0EDD-4A83-BC9A-3A53D6649AB0}
		{1CD466E7-48CF-45EF-BE1F-29C17F705B39} = {1CD466E7-48CF-45EF-BE1F-29C17F705B39}
		{AA0A55FE-EA05-4A3B-9FB7-47E1D570F1CF} = {AA0A55FE-EA05-4A3B-9FB7-47E1D570F1CF}
	EndProjectSection
EndProject
Global
	GlobalSection(SolutionConfigurationPlatforms) = preSolution
		Debug|Any CPU = Debug|Any CPU
		docs|Any CPU = docs|Any CPU
		Release|Any CPU = Release|Any CPU
	EndGlobalSection
	GlobalSection(ProjectConfigurationPlatforms) = postSolution
		{3632254D-0C4A-4EB8-B388-4C99F8939584}.Debug|Any CPU.ActiveCfg = Debug|Any CPU
		{3632254D-0C4A-4EB8-B388-4C99F8939584}.Debug|Any CPU.Build.0 = Debug|Any CPU
		{3632254D-0C4A-4EB8-B388-4C99F8939584}.docs|Any CPU.ActiveCfg = docs|Any CPU
		{3632254D-0C4A-4EB8-B388-4C99F8939584}.docs|Any CPU.Build.0 = docs|Any CPU
		{3632254D-0C4A-4EB8-B388-4C99F8939584}.Release|Any CPU.ActiveCfg = Release|Any CPU
		{3632254D-0C4A-4EB8-B388-4C99F8939584}.Release|Any CPU.Build.0 = Release|Any CPU
		{4C78131D-DD7B-4C3E-B931-D4C6436EE09E}.Debug|Any CPU.ActiveCfg = Debug|Any CPU
		{4C78131D-DD7B-4C3E-B931-D4C6436EE09E}.Debug|Any CPU.Build.0 = Debug|Any CPU
		{4C78131D-DD7B-4C3E-B931-D4C6436EE09E}.docs|Any CPU.ActiveCfg = docs|Any CPU
		{4C78131D-DD7B-4C3E-B931-D4C6436EE09E}.docs|Any CPU.Build.0 = docs|Any CPU
		{4C78131D-DD7B-4C3E-B931-D4C6436EE09E}.Release|Any CPU.ActiveCfg = Release|Any CPU
		{4C78131D-DD7B-4C3E-B931-D4C6436EE09E}.Release|Any CPU.Build.0 = Release|Any CPU
		{3B776BD4-0EDD-4A83-BC9A-3A53D6649AB0}.Debug|Any CPU.ActiveCfg = Debug|Any CPU
		{3B776BD4-0EDD-4A83-BC9A-3A53D6649AB0}.Debug|Any CPU.Build.0 = Debug|Any CPU
		{3B776BD4-0EDD-4A83-BC9A-3A53D6649AB0}.docs|Any CPU.ActiveCfg = docs|Any CPU
		{3B776BD4-0EDD-4A83-BC9A-3A53D6649AB0}.docs|Any CPU.Build.0 = docs|Any CPU
		{3B776BD4-0EDD-4A83-BC9A-3A53D6649AB0}.Release|Any CPU.ActiveCfg = Release|Any CPU
		{3B776BD4-0EDD-4A83-BC9A-3A53D6649AB0}.Release|Any CPU.Build.0 = Release|Any CPU
		{67B7945C-CCBE-43CC-B302-4EFE87DD9DF5}.Debug|Any CPU.ActiveCfg = Debug|Any CPU
		{67B7945C-CCBE-43CC-B302-4EFE87DD9DF5}.Debug|Any CPU.Build.0 = Debug|Any CPU
		{67B7945C-CCBE-43CC-B302-4EFE87DD9DF5}.docs|Any CPU.ActiveCfg = docs|Any CPU
		{67B7945C-CCBE-43CC-B302-4EFE87DD9DF5}.docs|Any CPU.Build.0 = docs|Any CPU
		{67B7945C-CCBE-43CC-B302-4EFE87DD9DF5}.Release|Any CPU.ActiveCfg = Release|Any CPU
		{67B7945C-CCBE-43CC-B302-4EFE87DD9DF5}.Release|Any CPU.Build.0 = Release|Any CPU
		{A858472F-F790-4A3B-8782-B7F4FDAECFA1}.Debug|Any CPU.ActiveCfg = Debug|Any CPU
		{A858472F-F790-4A3B-8782-B7F4FDAECFA1}.Debug|Any CPU.Build.0 = Debug|Any CPU
		{A858472F-F790-4A3B-8782-B7F4FDAECFA1}.docs|Any CPU.ActiveCfg = docs|Any CPU
		{A858472F-F790-4A3B-8782-B7F4FDAECFA1}.docs|Any CPU.Build.0 = docs|Any CPU
		{A858472F-F790-4A3B-8782-B7F4FDAECFA1}.Release|Any CPU.ActiveCfg = Release|Any CPU
		{A858472F-F790-4A3B-8782-B7F4FDAECFA1}.Release|Any CPU.Build.0 = Release|Any CPU
		{675CDA2B-05D2-4330-A782-294C9EF12A4F}.Debug|Any CPU.ActiveCfg = Debug|Any CPU
		{675CDA2B-05D2-4330-A782-294C9EF12A4F}.Debug|Any CPU.Build.0 = Debug|Any CPU
		{675CDA2B-05D2-4330-A782-294C9EF12A4F}.docs|Any CPU.ActiveCfg = docs|Any CPU
		{675CDA2B-05D2-4330-A782-294C9EF12A4F}.docs|Any CPU.Build.0 = docs|Any CPU
		{675CDA2B-05D2-4330-A782-294C9EF12A4F}.Release|Any CPU.ActiveCfg = Release|Any CPU
		{675CDA2B-05D2-4330-A782-294C9EF12A4F}.Release|Any CPU.Build.0 = Release|Any CPU
		{AA0A55FE-EA05-4A3B-9FB7-47E1D570F1CF}.Debug|Any CPU.ActiveCfg = Debug|Any CPU
		{AA0A55FE-EA05-4A3B-9FB7-47E1D570F1CF}.Debug|Any CPU.Build.0 = Debug|Any CPU
		{AA0A55FE-EA05-4A3B-9FB7-47E1D570F1CF}.docs|Any CPU.ActiveCfg = docs|Any CPU
		{AA0A55FE-EA05-4A3B-9FB7-47E1D570F1CF}.docs|Any CPU.Build.0 = docs|Any CPU
		{AA0A55FE-EA05-4A3B-9FB7-47E1D570F1CF}.Release|Any CPU.ActiveCfg = Release|Any CPU
		{AA0A55FE-EA05-4A3B-9FB7-47E1D570F1CF}.Release|Any CPU.Build.0 = Release|Any CPU
		{8E02A33A-FFE5-4484-B279-E00F86D5999B}.Debug|Any CPU.ActiveCfg = Debug|Any CPU
		{8E02A33A-FFE5-4484-B279-E00F86D5999B}.Debug|Any CPU.Build.0 = Debug|Any CPU
		{8E02A33A-FFE5-4484-B279-E00F86D5999B}.docs|Any CPU.ActiveCfg = docs|Any CPU
		{8E02A33A-FFE5-4484-B279-E00F86D5999B}.docs|Any CPU.Build.0 = docs|Any CPU
		{8E02A33A-FFE5-4484-B279-E00F86D5999B}.Release|Any CPU.ActiveCfg = Release|Any CPU
		{8E02A33A-FFE5-4484-B279-E00F86D5999B}.Release|Any CPU.Build.0 = Release|Any CPU
		{D7F30AB8-1C8F-4F0D-8E89-6E4DABF52941}.Debug|Any CPU.ActiveCfg = Debug|Any CPU
		{D7F30AB8-1C8F-4F0D-8E89-6E4DABF52941}.Debug|Any CPU.Build.0 = Debug|Any CPU
		{D7F30AB8-1C8F-4F0D-8E89-6E4DABF52941}.docs|Any CPU.ActiveCfg = docs|Any CPU
		{D7F30AB8-1C8F-4F0D-8E89-6E4DABF52941}.docs|Any CPU.Build.0 = docs|Any CPU
		{D7F30AB8-1C8F-4F0D-8E89-6E4DABF52941}.Release|Any CPU.ActiveCfg = Release|Any CPU
		{D7F30AB8-1C8F-4F0D-8E89-6E4DABF52941}.Release|Any CPU.Build.0 = Release|Any CPU
		{CD7ECAB7-AD05-43A6-A13E-74340838DDDE}.Debug|Any CPU.ActiveCfg = Debug|Any CPU
		{CD7ECAB7-AD05-43A6-A13E-74340838DDDE}.Debug|Any CPU.Build.0 = Debug|Any CPU
		{CD7ECAB7-AD05-43A6-A13E-74340838DDDE}.docs|Any CPU.ActiveCfg = docs|Any CPU
		{CD7ECAB7-AD05-43A6-A13E-74340838DDDE}.docs|Any CPU.Build.0 = docs|Any CPU
		{CD7ECAB7-AD05-43A6-A13E-74340838DDDE}.Release|Any CPU.ActiveCfg = Release|Any CPU
		{CD7ECAB7-AD05-43A6-A13E-74340838DDDE}.Release|Any CPU.Build.0 = Release|Any CPU
		{E1705F7A-936C-49E1-9418-9AB2FA34678E}.Debug|Any CPU.ActiveCfg = Debug|Any CPU
		{E1705F7A-936C-49E1-9418-9AB2FA34678E}.Debug|Any CPU.Build.0 = Debug|Any CPU
		{E1705F7A-936C-49E1-9418-9AB2FA34678E}.docs|Any CPU.ActiveCfg = docs|Any CPU
		{E1705F7A-936C-49E1-9418-9AB2FA34678E}.docs|Any CPU.Build.0 = docs|Any CPU
		{E1705F7A-936C-49E1-9418-9AB2FA34678E}.Release|Any CPU.ActiveCfg = Release|Any CPU
		{E1705F7A-936C-49E1-9418-9AB2FA34678E}.Release|Any CPU.Build.0 = Release|Any CPU
		{E47F1459-865B-48EB-A74E-37B0472672EC}.Debug|Any CPU.ActiveCfg = Debug|Any CPU
		{E47F1459-865B-48EB-A74E-37B0472672EC}.Debug|Any CPU.Build.0 = Debug|Any CPU
		{E47F1459-865B-48EB-A74E-37B0472672EC}.docs|Any CPU.ActiveCfg = docs|Any CPU
		{E47F1459-865B-48EB-A74E-37B0472672EC}.docs|Any CPU.Build.0 = docs|Any CPU
		{E47F1459-865B-48EB-A74E-37B0472672EC}.Release|Any CPU.ActiveCfg = Release|Any CPU
		{E47F1459-865B-48EB-A74E-37B0472672EC}.Release|Any CPU.Build.0 = Release|Any CPU
		{63357796-D4A6-4ABB-81AB-CCCC77D70D9C}.Debug|Any CPU.ActiveCfg = Debug|Any CPU
		{63357796-D4A6-4ABB-81AB-CCCC77D70D9C}.Debug|Any CPU.Build.0 = Debug|Any CPU
		{63357796-D4A6-4ABB-81AB-CCCC77D70D9C}.docs|Any CPU.ActiveCfg = docs|Any CPU
		{63357796-D4A6-4ABB-81AB-CCCC77D70D9C}.docs|Any CPU.Build.0 = docs|Any CPU
		{63357796-D4A6-4ABB-81AB-CCCC77D70D9C}.Release|Any CPU.ActiveCfg = Release|Any CPU
		{63357796-D4A6-4ABB-81AB-CCCC77D70D9C}.Release|Any CPU.Build.0 = Release|Any CPU
		{1CD466E7-48CF-45EF-BE1F-29C17F705B39}.Debug|Any CPU.ActiveCfg = Debug|Any CPU
		{1CD466E7-48CF-45EF-BE1F-29C17F705B39}.Debug|Any CPU.Build.0 = Debug|Any CPU
		{1CD466E7-48CF-45EF-BE1F-29C17F705B39}.docs|Any CPU.ActiveCfg = docs|Any CPU
		{1CD466E7-48CF-45EF-BE1F-29C17F705B39}.docs|Any CPU.Build.0 = docs|Any CPU
		{1CD466E7-48CF-45EF-BE1F-29C17F705B39}.Release|Any CPU.ActiveCfg = Release|Any CPU
		{1CD466E7-48CF-45EF-BE1F-29C17F705B39}.Release|Any CPU.Build.0 = Release|Any CPU
		{579A5738-6B8A-41E4-B2F3-5FD4CA595786}.Debug|Any CPU.ActiveCfg = Debug|Any CPU
		{579A5738-6B8A-41E4-B2F3-5FD4CA595786}.Debug|Any CPU.Build.0 = Debug|Any CPU
		{579A5738-6B8A-41E4-B2F3-5FD4CA595786}.docs|Any CPU.ActiveCfg = docs|Any CPU
		{579A5738-6B8A-41E4-B2F3-5FD4CA595786}.docs|Any CPU.Build.0 = docs|Any CPU
		{579A5738-6B8A-41E4-B2F3-5FD4CA595786}.Release|Any CPU.ActiveCfg = Release|Any CPU
		{579A5738-6B8A-41E4-B2F3-5FD4CA595786}.Release|Any CPU.Build.0 = Release|Any CPU
		{DE8C43D2-5DD6-4886-965E-50A47A942E4F}.Debug|Any CPU.ActiveCfg = Debug|Any CPU
		{DE8C43D2-5DD6-4886-965E-50A47A942E4F}.Debug|Any CPU.Build.0 = Debug|Any CPU
		{DE8C43D2-5DD6-4886-965E-50A47A942E4F}.docs|Any CPU.ActiveCfg = docs|Any CPU
		{DE8C43D2-5DD6-4886-965E-50A47A942E4F}.docs|Any CPU.Build.0 = docs|Any CPU
		{DE8C43D2-5DD6-4886-965E-50A47A942E4F}.Release|Any CPU.ActiveCfg = Release|Any CPU
		{DE8C43D2-5DD6-4886-965E-50A47A942E4F}.Release|Any CPU.Build.0 = Release|Any CPU
		{8F18F59C-CFE5-4AC4-8801-0639048DA080}.Debug|Any CPU.ActiveCfg = Debug|Any CPU
		{8F18F59C-CFE5-4AC4-8801-0639048DA080}.Debug|Any CPU.Build.0 = Debug|Any CPU
		{8F18F59C-CFE5-4AC4-8801-0639048DA080}.docs|Any CPU.ActiveCfg = docs|Any CPU
		{8F18F59C-CFE5-4AC4-8801-0639048DA080}.docs|Any CPU.Build.0 = docs|Any CPU
		{8F18F59C-CFE5-4AC4-8801-0639048DA080}.Release|Any CPU.ActiveCfg = Release|Any CPU
		{8F18F59C-CFE5-4AC4-8801-0639048DA080}.Release|Any CPU.Build.0 = Release|Any CPU
		{39D263A4-CD18-4B6B-9531-1D335DFF72DC}.Debug|Any CPU.ActiveCfg = Debug|Any CPU
		{39D263A4-CD18-4B6B-9531-1D335DFF72DC}.Debug|Any CPU.Build.0 = Debug|Any CPU
		{39D263A4-CD18-4B6B-9531-1D335DFF72DC}.docs|Any CPU.ActiveCfg = docs|Any CPU
		{39D263A4-CD18-4B6B-9531-1D335DFF72DC}.docs|Any CPU.Build.0 = docs|Any CPU
		{39D263A4-CD18-4B6B-9531-1D335DFF72DC}.Release|Any CPU.ActiveCfg = Release|Any CPU
		{39D263A4-CD18-4B6B-9531-1D335DFF72DC}.Release|Any CPU.Build.0 = Release|Any CPU
		{646DCE1F-A503-4158-80FB-AAA219C4CEFF}.Debug|Any CPU.ActiveCfg = Debug|Any CPU
		{646DCE1F-A503-4158-80FB-AAA219C4CEFF}.Debug|Any CPU.Build.0 = Debug|Any CPU
		{646DCE1F-A503-4158-80FB-AAA219C4CEFF}.docs|Any CPU.ActiveCfg = docs|Any CPU
		{646DCE1F-A503-4158-80FB-AAA219C4CEFF}.docs|Any CPU.Build.0 = docs|Any CPU
		{646DCE1F-A503-4158-80FB-AAA219C4CEFF}.Release|Any CPU.ActiveCfg = Release|Any CPU
		{646DCE1F-A503-4158-80FB-AAA219C4CEFF}.Release|Any CPU.Build.0 = Release|Any CPU
		{467A4F57-7791-4771-B7FC-0EEAD508723D}.Debug|Any CPU.ActiveCfg = Debug|Any CPU
		{467A4F57-7791-4771-B7FC-0EEAD508723D}.docs|Any CPU.ActiveCfg = docs|Any CPU
		{467A4F57-7791-4771-B7FC-0EEAD508723D}.docs|Any CPU.Build.0 = docs|Any CPU
		{467A4F57-7791-4771-B7FC-0EEAD508723D}.Release|Any CPU.ActiveCfg = Release|Any CPU
		{467A4F57-7791-4771-B7FC-0EEAD508723D}.Release|Any CPU.Build.0 = Release|Any CPU
	EndGlobalSection
	GlobalSection(SolutionProperties) = preSolution
		HideSolutionNode = FALSE
	EndGlobalSection
	GlobalSection(NestedProjects) = preSolution
		{3632254D-0C4A-4EB8-B388-4C99F8939584} = {9CD284F1-8738-485C-899B-30FDE5384A86}
		{4C78131D-DD7B-4C3E-B931-D4C6436EE09E} = {9CD284F1-8738-485C-899B-30FDE5384A86}
		{3B776BD4-0EDD-4A83-BC9A-3A53D6649AB0} = {B7E0D923-5519-4D0D-83D1-971C4A034A74}
		{67B7945C-CCBE-43CC-B302-4EFE87DD9DF5} = {B7E0D923-5519-4D0D-83D1-971C4A034A74}
		{A858472F-F790-4A3B-8782-B7F4FDAECFA1} = {B7E0D923-5519-4D0D-83D1-971C4A034A74}
		{675CDA2B-05D2-4330-A782-294C9EF12A4F} = {EA2D4130-93E7-4FE3-9831-06B0866278A2}
		{AA0A55FE-EA05-4A3B-9FB7-47E1D570F1CF} = {EA2D4130-93E7-4FE3-9831-06B0866278A2}
		{8E02A33A-FFE5-4484-B279-E00F86D5999B} = {B7E0D923-5519-4D0D-83D1-971C4A034A74}
		{D7F30AB8-1C8F-4F0D-8E89-6E4DABF52941} = {B7E0D923-5519-4D0D-83D1-971C4A034A74}
		{CD7ECAB7-AD05-43A6-A13E-74340838DDDE} = {9CD284F1-8738-485C-899B-30FDE5384A86}
		{E1705F7A-936C-49E1-9418-9AB2FA34678E} = {B7E0D923-5519-4D0D-83D1-971C4A034A74}
		{E47F1459-865B-48EB-A74E-37B0472672EC} = {B7E0D923-5519-4D0D-83D1-971C4A034A74}
		{63357796-D4A6-4ABB-81AB-CCCC77D70D9C} = {B7E0D923-5519-4D0D-83D1-971C4A034A74}
		{1CD466E7-48CF-45EF-BE1F-29C17F705B39} = {AE4A974C-DB59-48DF-BE0C-3CE8C2F5BF4F}
		{579A5738-6B8A-41E4-B2F3-5FD4CA595786} = {1A16C9ED-3CC1-437A-9E20-62481F3FD3E5}
		{DE8C43D2-5DD6-4886-965E-50A47A942E4F} = {1A16C9ED-3CC1-437A-9E20-62481F3FD3E5}
		{8F18F59C-CFE5-4AC4-8801-0639048DA080} = {B7E0D923-5519-4D0D-83D1-971C4A034A74}
		{39D263A4-CD18-4B6B-9531-1D335DFF72DC} = {9CD284F1-8738-485C-899B-30FDE5384A86}
		{646DCE1F-A503-4158-80FB-AAA219C4CEFF} = {9CD284F1-8738-485C-899B-30FDE5384A86}
		{B7E0D923-5519-4D0D-83D1-971C4A034A74} = {9CD284F1-8738-485C-899B-30FDE5384A86}
		{992D184A-6882-424D-8027-DA409309DCFA} = {9CD284F1-8738-485C-899B-30FDE5384A86}
		{1A16C9ED-3CC1-437A-9E20-62481F3FD3E5} = {9CD284F1-8738-485C-899B-30FDE5384A86}
		{EA2D4130-93E7-4FE3-9831-06B0866278A2} = {9CD284F1-8738-485C-899B-30FDE5384A86}
	EndGlobalSection
EndGlobal
