
Microsoft Visual Studio Solution File, Format Version 10.00
# Visual Studio 2008
Project("{FAE04EC0-301F-11D3-BF4B-00C04F79EFBC}") = "Properties", "Properties\Properties.csproj", "{D7C1DC0F-8436-46A5-9EB6-6ACB5CDB3F14}"
EndProject
Project("{FAE04EC0-301F-11D3-BF4B-00C04F79EFBC}") = "Properties.Tests", "Properties.Tests\Properties.Tests.csproj", "{722C146D-4670-4F38-B3F0-8E150F504175}"
EndProject
Global
	GlobalSection(SolutionConfigurationPlatforms) = preSolution
		Debug|Any CPU = Debug|Any CPU
		Release|Any CPU = Release|Any CPU
	EndGlobalSection
	GlobalSection(ProjectConfigurationPlatforms) = postSolution
		{D7C1DC0F-8436-46A5-9EB6-6ACB5CDB3F14}.Debug|Any CPU.ActiveCfg = Debug|Any CPU
		{D7C1DC0F-8436-46A5-9EB6-6ACB5CDB3F14}.Debug|Any CPU.Build.0 = Debug|Any CPU
		{D7C1DC0F-8436-46A5-9EB6-6ACB5CDB3F14}.Release|Any CPU.ActiveCfg = Release|Any CPU
		{D7C1DC0F-8436-46A5-9EB6-6ACB5CDB3F14}.Release|Any CPU.Build.0 = Release|Any CPU
		{722C146D-4670-4F38-B3F0-8E150F504175}.Debug|Any CPU.ActiveCfg = Debug|Any CPU
		{722C146D-4670-4F38-B3F0-8E150F504175}.Debug|Any CPU.Build.0 = Debug|Any CPU
		{722C146D-4670-4F38-B3F0-8E150F504175}.Release|Any CPU.ActiveCfg = Release|Any CPU
		{722C146D-4670-4F38-B3F0-8E150F504175}.Release|Any CPU.Build.0 = Release|Any CPU
	EndGlobalSection
	GlobalSection(SolutionProperties) = preSolution
		HideSolutionNode = FALSE
	EndGlobalSection
EndGlobal
