
Microsoft Visual Studio Solution File, Format Version 12.00
# Visual Studio 2013
VisualStudioVersion = 12.0.30110.0
MinimumVisualStudioVersion = 10.0.40219.1
Project("{FAE04EC0-301F-11D3-BF4B-00C04F79EFBC}") = "AccountManagement.Domain", "AccountManagement.Domain\AccountManagement.Domain.csproj", "{F40E3779-B691-44B9-A820-577C5C11035F}"
EndProject
Project("{FAE04EC0-301F-11D3-BF4B-00C04F79EFBC}") = "AccountManagement.Domain.Events", "AccountManagement.Domain.Events\AccountManagement.Domain.Events.csproj", "{DABBA9B3-CD83-4995-83C4-EFCDF388C353}"
EndProject
Project("{2150E333-8FDC-42A3-9474-1A3956D46DE8}") = ".nuget", ".nuget", "{A975CB1E-7677-4D6F-A69A-B9851BF0C495}"
	ProjectSection(SolutionItems) = preProject
		.nuget\NuGet.Config = .nuget\NuGet.Config
		.nuget\NuGet.exe = .nuget\NuGet.exe
		.nuget\NuGet.targets = .nuget\NuGet.targets
	EndProjectSection
EndProject
Project("{FAE04EC0-301F-11D3-BF4B-00C04F79EFBC}") = "AccountManagement.Domain.Shared", "AccountManagement.Domain.Shared\AccountManagement.Domain.Shared.csproj", "{CA31649D-A11B-45F6-9D17-2E716F11ADFA}"
EndProject
Project("{FAE04EC0-301F-11D3-BF4B-00C04F79EFBC}") = "AccountManagement.UI.Commands", "AccountManagement.UI.Commands\AccountManagement.UI.Commands.csproj", "{19B23E13-70E8-4E18-A2FA-F0C3F37313FE}"
EndProject
Project("{FAE04EC0-301F-11D3-BF4B-00C04F79EFBC}") = "AccountManagement.UI.QueryModels", "AccountManagement.UI.QueryModels\AccountManagement.UI.QueryModels.csproj", "{5D9F2751-088C-422F-B251-0852E890A3E2}"
EndProject
Project("{FAE04EC0-301F-11D3-BF4B-00C04F79EFBC}") = "AccountManagement.UI.QueryModels.DocumentDB.Updaters", "AccountManagement.UI.QueryModels.Updaters\AccountManagement.UI.QueryModels.DocumentDB.Updaters.csproj", "{D0C22390-0BD6-4837-8CE5-149F80E6BA4E}"
EndProject
Project("{FAE04EC0-301F-11D3-BF4B-00C04F79EFBC}") = "AccountManagement.UI.QueryModels.EventStore.Generators", "AccountManagement.UI.QueryModels.Generators\AccountManagement.UI.QueryModels.EventStore.Generators.csproj", "{ACCAD488-7866-4F77-A541-ECDA61923F57}"
EndProject
Project("{FAE04EC0-301F-11D3-BF4B-00C04F79EFBC}") = "AccountManagement.Domain.Shared.Tests", "AccountManagement.Domain.Shared.Tests\AccountManagement.Domain.Shared.Tests.csproj", "{0BBC38E5-3BC9-4CFE-A9E8-48A9D0F9BF2A}"
EndProject
Project("{FAE04EC0-301F-11D3-BF4B-00C04F79EFBC}") = "AccountManagement.Domain.Tests", "AccountManagement.Domain.Tests\AccountManagement.Domain.Tests.csproj", "{15EE4C6D-8DA3-487C-B0CD-17777214D7FA}"
EndProject
Project("{FAE04EC0-301F-11D3-BF4B-00C04F79EFBC}") = "Composable.StagingArea", "Composable.StagingArea\Composable.StagingArea.csproj", "{D1024299-495B-4F81-B182-6336F1D30210}"
EndProject
Project("{FAE04EC0-301F-11D3-BF4B-00C04F79EFBC}") = "AccountManagement.TestHelpers", "AccountManagement.TestHelpers\AccountManagement.TestHelpers.csproj", "{688DE4C0-690E-4EF5-AF36-A16BD2D9E930}"
EndProject
Project("{FAE04EC0-301F-11D3-BF4B-00C04F79EFBC}") = "AccountManagement.UI.QueryModels.DocumentDB.Updaters.Tests", "AccountManagement.UI.QueryModels.Updaters.Tests\AccountManagement.UI.QueryModels.DocumentDB.Updaters.Tests.csproj", "{A59EA886-DF20-4324-9CEA-238CEA192F0A}"
EndProject
Project("{FAE04EC0-301F-11D3-BF4B-00C04F79EFBC}") = "AccountManagement.UI.QueryModels.Tests", "AccountManagement.UI.QueryModels.Tests\AccountManagement.UI.QueryModels.Tests.csproj", "{F662E60F-F2BA-4245-A405-9024A294C90D}"
EndProject
Project("{FAE04EC0-301F-11D3-BF4B-00C04F79EFBC}") = "AccountManagement.UI.Web", "AccountManagement.UI.Web\AccountManagement.UI.Web.csproj", "{659A36C3-5645-4F93-BC42-0C9A09375660}"
EndProject
Project("{FAE04EC0-301F-11D3-BF4B-00C04F79EFBC}") = "AccountManagement.UI.Web.Tests", "AccountManagement.UI.Web.Tests\AccountManagement.UI.Web.Tests.csproj", "{E369430C-BBF1-43C0-BC0F-073BD4F72C44}"
EndProject
Project("{FAE04EC0-301F-11D3-BF4B-00C04F79EFBC}") = "AccountManagement.UI.Commands.Tests", "AccountManagement.UI.Commands.Tests\AccountManagement.UI.Commands.Tests.csproj", "{B09882BB-B432-411A-942E-E1E5C10C0509}"
EndProject
Project("{FAE04EC0-301F-11D3-BF4B-00C04F79EFBC}") = "AccountManagement.UI.QueryModels.DocumentDB.Readers", "AccountManagement.UI.QueryModels.DocumentDB.Readers\AccountManagement.UI.QueryModels.DocumentDB.Readers.csproj", "{FC4A384B-CDFF-4FB9-A3F8-78DCEADE0714}"
EndProject
Project("{FAE04EC0-301F-11D3-BF4B-00C04F79EFBC}") = "AccountManagement.Domain.Events.EventStore", "AccountManagement.Domain.Events.EventStore\AccountManagement.Domain.Events.EventStore.csproj", "{16096142-6323-4032-B222-F9F60A79F042}"
EndProject
Project("{FAE04EC0-301F-11D3-BF4B-00C04F79EFBC}") = "AccountManagement.UI.QueryModels.EventStore.GeneratorTests", "AccountManagement.UI.QueryModels.EventStore.GeneratorTests\AccountManagement.UI.QueryModels.EventStore.GeneratorTests.csproj", "{7E0E56EB-3536-4047-A5E0-56F1B2AE5844}"
EndProject
Global
	GlobalSection(SolutionConfigurationPlatforms) = preSolution
		Debug|Any CPU = Debug|Any CPU
		Release|Any CPU = Release|Any CPU
	EndGlobalSection
	GlobalSection(ProjectConfigurationPlatforms) = postSolution
		{F40E3779-B691-44B9-A820-577C5C11035F}.Debug|Any CPU.ActiveCfg = Debug|Any CPU
		{F40E3779-B691-44B9-A820-577C5C11035F}.Debug|Any CPU.Build.0 = Debug|Any CPU
		{F40E3779-B691-44B9-A820-577C5C11035F}.Release|Any CPU.ActiveCfg = Release|Any CPU
		{F40E3779-B691-44B9-A820-577C5C11035F}.Release|Any CPU.Build.0 = Release|Any CPU
		{DABBA9B3-CD83-4995-83C4-EFCDF388C353}.Debug|Any CPU.ActiveCfg = Debug|Any CPU
		{DABBA9B3-CD83-4995-83C4-EFCDF388C353}.Debug|Any CPU.Build.0 = Debug|Any CPU
		{DABBA9B3-CD83-4995-83C4-EFCDF388C353}.Release|Any CPU.ActiveCfg = Release|Any CPU
		{DABBA9B3-CD83-4995-83C4-EFCDF388C353}.Release|Any CPU.Build.0 = Release|Any CPU
		{CA31649D-A11B-45F6-9D17-2E716F11ADFA}.Debug|Any CPU.ActiveCfg = Debug|Any CPU
		{CA31649D-A11B-45F6-9D17-2E716F11ADFA}.Debug|Any CPU.Build.0 = Debug|Any CPU
		{CA31649D-A11B-45F6-9D17-2E716F11ADFA}.Release|Any CPU.ActiveCfg = Release|Any CPU
		{CA31649D-A11B-45F6-9D17-2E716F11ADFA}.Release|Any CPU.Build.0 = Release|Any CPU
		{19B23E13-70E8-4E18-A2FA-F0C3F37313FE}.Debug|Any CPU.ActiveCfg = Debug|Any CPU
		{19B23E13-70E8-4E18-A2FA-F0C3F37313FE}.Debug|Any CPU.Build.0 = Debug|Any CPU
		{19B23E13-70E8-4E18-A2FA-F0C3F37313FE}.Release|Any CPU.ActiveCfg = Release|Any CPU
		{19B23E13-70E8-4E18-A2FA-F0C3F37313FE}.Release|Any CPU.Build.0 = Release|Any CPU
		{5D9F2751-088C-422F-B251-0852E890A3E2}.Debug|Any CPU.ActiveCfg = Debug|Any CPU
		{5D9F2751-088C-422F-B251-0852E890A3E2}.Debug|Any CPU.Build.0 = Debug|Any CPU
		{5D9F2751-088C-422F-B251-0852E890A3E2}.Release|Any CPU.ActiveCfg = Release|Any CPU
		{5D9F2751-088C-422F-B251-0852E890A3E2}.Release|Any CPU.Build.0 = Release|Any CPU
		{D0C22390-0BD6-4837-8CE5-149F80E6BA4E}.Debug|Any CPU.ActiveCfg = Debug|Any CPU
		{D0C22390-0BD6-4837-8CE5-149F80E6BA4E}.Debug|Any CPU.Build.0 = Debug|Any CPU
		{D0C22390-0BD6-4837-8CE5-149F80E6BA4E}.Release|Any CPU.ActiveCfg = Release|Any CPU
		{D0C22390-0BD6-4837-8CE5-149F80E6BA4E}.Release|Any CPU.Build.0 = Release|Any CPU
		{ACCAD488-7866-4F77-A541-ECDA61923F57}.Debug|Any CPU.ActiveCfg = Debug|Any CPU
		{ACCAD488-7866-4F77-A541-ECDA61923F57}.Debug|Any CPU.Build.0 = Debug|Any CPU
		{ACCAD488-7866-4F77-A541-ECDA61923F57}.Release|Any CPU.ActiveCfg = Release|Any CPU
		{ACCAD488-7866-4F77-A541-ECDA61923F57}.Release|Any CPU.Build.0 = Release|Any CPU
		{0BBC38E5-3BC9-4CFE-A9E8-48A9D0F9BF2A}.Debug|Any CPU.ActiveCfg = Debug|Any CPU
		{0BBC38E5-3BC9-4CFE-A9E8-48A9D0F9BF2A}.Debug|Any CPU.Build.0 = Debug|Any CPU
		{0BBC38E5-3BC9-4CFE-A9E8-48A9D0F9BF2A}.Release|Any CPU.ActiveCfg = Release|Any CPU
		{0BBC38E5-3BC9-4CFE-A9E8-48A9D0F9BF2A}.Release|Any CPU.Build.0 = Release|Any CPU
		{15EE4C6D-8DA3-487C-B0CD-17777214D7FA}.Debug|Any CPU.ActiveCfg = Debug|Any CPU
		{15EE4C6D-8DA3-487C-B0CD-17777214D7FA}.Debug|Any CPU.Build.0 = Debug|Any CPU
		{15EE4C6D-8DA3-487C-B0CD-17777214D7FA}.Release|Any CPU.ActiveCfg = Release|Any CPU
		{15EE4C6D-8DA3-487C-B0CD-17777214D7FA}.Release|Any CPU.Build.0 = Release|Any CPU
		{D1024299-495B-4F81-B182-6336F1D30210}.Debug|Any CPU.ActiveCfg = Debug|Any CPU
		{D1024299-495B-4F81-B182-6336F1D30210}.Debug|Any CPU.Build.0 = Debug|Any CPU
		{D1024299-495B-4F81-B182-6336F1D30210}.Release|Any CPU.ActiveCfg = Release|Any CPU
		{D1024299-495B-4F81-B182-6336F1D30210}.Release|Any CPU.Build.0 = Release|Any CPU
		{688DE4C0-690E-4EF5-AF36-A16BD2D9E930}.Debug|Any CPU.ActiveCfg = Debug|Any CPU
		{688DE4C0-690E-4EF5-AF36-A16BD2D9E930}.Debug|Any CPU.Build.0 = Debug|Any CPU
		{688DE4C0-690E-4EF5-AF36-A16BD2D9E930}.Release|Any CPU.ActiveCfg = Release|Any CPU
		{688DE4C0-690E-4EF5-AF36-A16BD2D9E930}.Release|Any CPU.Build.0 = Release|Any CPU
		{A59EA886-DF20-4324-9CEA-238CEA192F0A}.Debug|Any CPU.ActiveCfg = Debug|Any CPU
		{A59EA886-DF20-4324-9CEA-238CEA192F0A}.Debug|Any CPU.Build.0 = Debug|Any CPU
		{A59EA886-DF20-4324-9CEA-238CEA192F0A}.Release|Any CPU.ActiveCfg = Release|Any CPU
		{A59EA886-DF20-4324-9CEA-238CEA192F0A}.Release|Any CPU.Build.0 = Release|Any CPU
		{F662E60F-F2BA-4245-A405-9024A294C90D}.Debug|Any CPU.ActiveCfg = Debug|Any CPU
		{F662E60F-F2BA-4245-A405-9024A294C90D}.Debug|Any CPU.Build.0 = Debug|Any CPU
		{F662E60F-F2BA-4245-A405-9024A294C90D}.Release|Any CPU.ActiveCfg = Release|Any CPU
		{F662E60F-F2BA-4245-A405-9024A294C90D}.Release|Any CPU.Build.0 = Release|Any CPU
		{659A36C3-5645-4F93-BC42-0C9A09375660}.Debug|Any CPU.ActiveCfg = Debug|Any CPU
		{659A36C3-5645-4F93-BC42-0C9A09375660}.Debug|Any CPU.Build.0 = Debug|Any CPU
		{659A36C3-5645-4F93-BC42-0C9A09375660}.Release|Any CPU.ActiveCfg = Release|Any CPU
		{659A36C3-5645-4F93-BC42-0C9A09375660}.Release|Any CPU.Build.0 = Release|Any CPU
		{E369430C-BBF1-43C0-BC0F-073BD4F72C44}.Debug|Any CPU.ActiveCfg = Debug|Any CPU
		{E369430C-BBF1-43C0-BC0F-073BD4F72C44}.Debug|Any CPU.Build.0 = Debug|Any CPU
		{E369430C-BBF1-43C0-BC0F-073BD4F72C44}.Release|Any CPU.ActiveCfg = Release|Any CPU
		{E369430C-BBF1-43C0-BC0F-073BD4F72C44}.Release|Any CPU.Build.0 = Release|Any CPU
		{B09882BB-B432-411A-942E-E1E5C10C0509}.Debug|Any CPU.ActiveCfg = Debug|Any CPU
		{B09882BB-B432-411A-942E-E1E5C10C0509}.Debug|Any CPU.Build.0 = Debug|Any CPU
		{B09882BB-B432-411A-942E-E1E5C10C0509}.Release|Any CPU.ActiveCfg = Release|Any CPU
		{B09882BB-B432-411A-942E-E1E5C10C0509}.Release|Any CPU.Build.0 = Release|Any CPU
		{FC4A384B-CDFF-4FB9-A3F8-78DCEADE0714}.Debug|Any CPU.ActiveCfg = Debug|Any CPU
		{FC4A384B-CDFF-4FB9-A3F8-78DCEADE0714}.Debug|Any CPU.Build.0 = Debug|Any CPU
		{FC4A384B-CDFF-4FB9-A3F8-78DCEADE0714}.Release|Any CPU.ActiveCfg = Release|Any CPU
		{FC4A384B-CDFF-4FB9-A3F8-78DCEADE0714}.Release|Any CPU.Build.0 = Release|Any CPU
		{16096142-6323-4032-B222-F9F60A79F042}.Debug|Any CPU.ActiveCfg = Debug|Any CPU
		{16096142-6323-4032-B222-F9F60A79F042}.Debug|Any CPU.Build.0 = Debug|Any CPU
		{16096142-6323-4032-B222-F9F60A79F042}.Release|Any CPU.ActiveCfg = Release|Any CPU
		{16096142-6323-4032-B222-F9F60A79F042}.Release|Any CPU.Build.0 = Release|Any CPU
		{7E0E56EB-3536-4047-A5E0-56F1B2AE5844}.Debug|Any CPU.ActiveCfg = Debug|Any CPU
		{7E0E56EB-3536-4047-A5E0-56F1B2AE5844}.Debug|Any CPU.Build.0 = Debug|Any CPU
		{7E0E56EB-3536-4047-A5E0-56F1B2AE5844}.Release|Any CPU.ActiveCfg = Release|Any CPU
		{7E0E56EB-3536-4047-A5E0-56F1B2AE5844}.Release|Any CPU.Build.0 = Release|Any CPU
	EndGlobalSection
	GlobalSection(SolutionProperties) = preSolution
		HideSolutionNode = FALSE
	EndGlobalSection
EndGlobal
