
Microsoft Visual Studio Solution File, Format Version 10.00
# Visual Studio 2008
Project("{2150E333-8FDC-42A3-9474-1A3956D46DE8}") = ".paket", ".paket", "{7CBA3773-1EBC-48F2-9A28-F9BC88942CE8}"
	ProjectSection(SolutionItems) = preProject
		..\paket.dependencies = ..\paket.dependencies
	EndProjectSection
EndProject
Project("{FAE04EC0-301F-11D3-BF4B-00C04F79EFBC}") = "Void.SpaceTime", "Void.SpaceTime.csproj", "{FA1CE09A-37EA-4D3F-BF5C-F34E2F968CF5}"
EndProject
Project("{FAE04EC0-301F-11D3-BF4B-00C04F79EFBC}") = "Void.SpaceTime.Tests", "..\Void.SpaceTime.Tests\Void.SpaceTime.Tests.csproj", "{17365D06-300A-48F9-BE6E-732480F08B41}"
EndProject
Global
	GlobalSection(SolutionConfigurationPlatforms) = preSolution
		Debug|Any CPU = Debug|Any CPU
		Release|Any CPU = Release|Any CPU
	EndGlobalSection
	GlobalSection(ProjectConfigurationPlatforms) = postSolution
		{FA1CE09A-37EA-4D3F-BF5C-F34E2F968CF5}.Debug|Any CPU.ActiveCfg = Debug|Any CPU
		{FA1CE09A-37EA-4D3F-BF5C-F34E2F968CF5}.Debug|Any CPU.Build.0 = Debug|Any CPU
		{FA1CE09A-37EA-4D3F-BF5C-F34E2F968CF5}.Release|Any CPU.ActiveCfg = Release|Any CPU
		{FA1CE09A-37EA-4D3F-BF5C-F34E2F968CF5}.Release|Any CPU.Build.0 = Release|Any CPU
		{17365D06-300A-48F9-BE6E-732480F08B41}.Debug|Any CPU.ActiveCfg = Debug|Any CPU
		{17365D06-300A-48F9-BE6E-732480F08B41}.Debug|Any CPU.Build.0 = Debug|Any CPU
		{17365D06-300A-48F9-BE6E-732480F08B41}.Release|Any CPU.ActiveCfg = Release|Any CPU
		{17365D06-300A-48F9-BE6E-732480F08B41}.Release|Any CPU.Build.0 = Release|Any CPU
	EndGlobalSection
	GlobalSection(SolutionProperties) = preSolution
		HideSolutionNode = FALSE
	EndGlobalSection
EndGlobal
