
Microsoft Visual Studio Solution File, Format Version 12.00
# Visual Studio 15
VisualStudioVersion = 15.0.26730.12
MinimumVisualStudioVersion = 10.0.40219.1
Project("{9A19103F-16F7-4668-BE54-9A1E7A4F7556}") = "Composable.CQRS", "Composable.CQRS\Composable.CQRS.csproj", "{3632254D-0C4A-4EB8-B388-4C99F8939584}"
EndProject
Project("{9A19103F-16F7-4668-BE54-9A1E7A4F7556}") = "Composable.CQRS.Tests", "Composable.CQRS.Tests\Composable.CQRS.Tests.csproj", "{4C78131D-DD7B-4C3E-B931-D4C6436EE09E}"
EndProject
Project("{9A19103F-16F7-4668-BE54-9A1E7A4F7556}") = "Composable.CQRS.ExternalDependencies", "Composable.CQRS.ExternalDependencies\Composable.CQRS.ExternalDependencies.csproj", "{3B776BD4-0EDD-4A83-BC9A-3A53D6649AB0}"
EndProject
Project("{9A19103F-16F7-4668-BE54-9A1E7A4F7556}") = "Composable.CQRS.ExternalDependencies.Tests", "Composable.CQRS.ExternalDependencies.Tests\Composable.CQRS.ExternalDependencies.Tests.csproj", "{67B7945C-CCBE-43CC-B302-4EFE87DD9DF5}"
EndProject
Project("{2150E333-8FDC-42A3-9474-1A3956D46DE8}") = "Packaging", "Packaging", "{691518D4-146C-43DA-95A0-F8BFB0283AFC}"
	ProjectSection(SolutionItems) = preProject
		buildpackages.ps1 = buildpackages.ps1
		CommonAssemblyInfo.cs = CommonAssemblyInfo.cs
	EndProjectSection
EndProject
Project("{9A19103F-16F7-4668-BE54-9A1E7A4F7556}") = "NSpec.NUnit", "..\legacy\NSpec.NUnit\NSpec.NUnit.csproj", "{1CD466E7-48CF-45EF-BE1F-29C17F705B39}"
EndProject
Project("{7CF6DF6D-3B04-46F8-A40B-537D21BCA0B4}") = "SandcastleDocumentation", "SandcastleDocumentation\SandcastleDocumentation.shfbproj", "{467A4F57-7791-4771-B7FC-0EEAD508723D}"
	ProjectSection(ProjectDependencies) = postProject
		{4C78131D-DD7B-4C3E-B931-D4C6436EE09E} = {4C78131D-DD7B-4C3E-B931-D4C6436EE09E}
		{3632254D-0C4A-4EB8-B388-4C99F8939584} = {3632254D-0C4A-4EB8-B388-4C99F8939584}
		{67B7945C-CCBE-43CC-B302-4EFE87DD9DF5} = {67B7945C-CCBE-43CC-B302-4EFE87DD9DF5}
		{3B776BD4-0EDD-4A83-BC9A-3A53D6649AB0} = {3B776BD4-0EDD-4A83-BC9A-3A53D6649AB0}
		{1CD466E7-48CF-45EF-BE1F-29C17F705B39} = {1CD466E7-48CF-45EF-BE1F-29C17F705B39}
	EndProjectSection
EndProject
Project("{9A19103F-16F7-4668-BE54-9A1E7A4F7556}") = "Composable.HyperBus", "..\experiments\BusFuture\Composable.HyperBus\Composable.HyperBus.csproj", "{17EA0D63-524B-4871-AFDF-CE988D3554FC}"
EndProject
Project("{2150E333-8FDC-42A3-9474-1A3956D46DE8}") = "Samples", "Samples", "{8C1D34C7-3F68-4179-BC52-B5527F718DF3}"
EndProject
Project("{2150E333-8FDC-42A3-9474-1A3956D46DE8}") = "AccountManagement", "AccountManagement", "{FE65D43F-7A41-4448-A23E-E574CC91A185}"
EndProject
Project("{9A19103F-16F7-4668-BE54-9A1E7A4F7556}") = "AccountManagement.Domain", "..\Samples\AccountManagement\AccountManagement.Domain\AccountManagement.Domain.csproj", "{F40E3779-B691-44B9-A820-577C5C11035F}"
EndProject
Project("{9A19103F-16F7-4668-BE54-9A1E7A4F7556}") = "AccountManagement.Tests", "..\Samples\AccountManagement\AccountManagement.Tests\AccountManagement.Tests.csproj", "{15EE4C6D-8DA3-487C-B0CD-17777214D7FA}"
EndProject
Project("{9A19103F-16F7-4668-BE54-9A1E7A4F7556}") = "AccountManagement.UI.Commands", "..\Samples\AccountManagement\AccountManagement.UI.Commands\AccountManagement.UI.Commands.csproj", "{19B23E13-70E8-4E18-A2FA-F0C3F37313FE}"
EndProject
Project("{9A19103F-16F7-4668-BE54-9A1E7A4F7556}") = "AccountManagement.UI.QueryModels", "..\Samples\AccountManagement\AccountManagement.UI.QueryModels\AccountManagement.UI.QueryModels.csproj", "{5D9F2751-088C-422F-B251-0852E890A3E2}"
EndProject
Project("{9A19103F-16F7-4668-BE54-9A1E7A4F7556}") = "AccountManagement.UI.QueryModels.DocumentDB.Updaters", "..\Samples\AccountManagement\AccountManagement.UI.QueryModels.Updaters\AccountManagement.UI.QueryModels.DocumentDB.Updaters.csproj", "{D0C22390-0BD6-4837-8CE5-149F80E6BA4E}"
EndProject
Project("{2150E333-8FDC-42A3-9474-1A3956D46DE8}") = "Domain", "Domain", "{4FEABA1C-5509-4CD0-8850-2420EFA57F41}"
EndProject
Project("{2150E333-8FDC-42A3-9474-1A3956D46DE8}") = "UI", "UI", "{5E8FE8CC-64E0-45B0-AC5F-E1E1ADA8A7EE}"
EndProject
Project("{2150E333-8FDC-42A3-9474-1A3956D46DE8}") = "Solution Items", "Solution Items", "{F37276A7-E72D-49E1-9F74-06134C77B5FA}"
	ProjectSection(SolutionItems) = preProject
		.editorconfig = .editorconfig
	EndProjectSection
EndProject
Project("{9A19103F-16F7-4668-BE54-9A1E7A4F7556}") = "NetMqProcess01", "..\experiments\BusFuture\NetMqProcess1\NetMqProcess01.csproj", "{F26F80BD-33FC-4ACF-8FFC-45E05A07445A}"
EndProject
Project("{9A19103F-16F7-4668-BE54-9A1E7A4F7556}") = "NetMqProcess02", "..\experiments\BusFuture\NetMqProcess2\NetMqProcess02.csproj", "{4F93CA8C-D3EE-4FB5-B357-98510A967436}"
EndProject
Project("{9A19103F-16F7-4668-BE54-9A1E7A4F7556}") = "Composable.Testing", "Composable.Testing\Composable.Testing.csproj", "{97A297D3-CAA7-4ECD-82A2-0987A1E00A80}"
EndProject
Project("{2150E333-8FDC-42A3-9474-1A3956D46DE8}") = "_legacy", "_legacy", "{B8172724-1234-456D-BA08-2474E308C2BF}"
EndProject
Project("{2150E333-8FDC-42A3-9474-1A3956D46DE8}") = "_experiments", "_experiments", "{B3096AB7-66BF-47C2-8EFE-92DB9B5CB295}"
EndProject
Project("{2150E333-8FDC-42A3-9474-1A3956D46DE8}") = "BusFuture", "BusFuture", "{E58CA837-214A-4CBD-9C11-E7E1FAB841E6}"
EndProject
Global
	GlobalSection(SolutionConfigurationPlatforms) = preSolution
		Debug|Any CPU = Debug|Any CPU
		docs|Any CPU = docs|Any CPU
		Release|Any CPU = Release|Any CPU
	EndGlobalSection
	GlobalSection(ProjectConfigurationPlatforms) = postSolution
		{3632254D-0C4A-4EB8-B388-4C99F8939584}.Debug|Any CPU.ActiveCfg = Debug|Any CPU
		{3632254D-0C4A-4EB8-B388-4C99F8939584}.Debug|Any CPU.Build.0 = Debug|Any CPU
		{3632254D-0C4A-4EB8-B388-4C99F8939584}.docs|Any CPU.ActiveCfg = Debug|Any CPU
		{3632254D-0C4A-4EB8-B388-4C99F8939584}.docs|Any CPU.Build.0 = Debug|Any CPU
		{3632254D-0C4A-4EB8-B388-4C99F8939584}.Release|Any CPU.ActiveCfg = Release|Any CPU
		{3632254D-0C4A-4EB8-B388-4C99F8939584}.Release|Any CPU.Build.0 = Release|Any CPU
		{4C78131D-DD7B-4C3E-B931-D4C6436EE09E}.Debug|Any CPU.ActiveCfg = Debug|Any CPU
		{4C78131D-DD7B-4C3E-B931-D4C6436EE09E}.Debug|Any CPU.Build.0 = Debug|Any CPU
		{4C78131D-DD7B-4C3E-B931-D4C6436EE09E}.docs|Any CPU.ActiveCfg = Debug|Any CPU
		{4C78131D-DD7B-4C3E-B931-D4C6436EE09E}.docs|Any CPU.Build.0 = Debug|Any CPU
		{4C78131D-DD7B-4C3E-B931-D4C6436EE09E}.Release|Any CPU.ActiveCfg = Release|Any CPU
		{4C78131D-DD7B-4C3E-B931-D4C6436EE09E}.Release|Any CPU.Build.0 = Release|Any CPU
		{3B776BD4-0EDD-4A83-BC9A-3A53D6649AB0}.Debug|Any CPU.ActiveCfg = Debug|Any CPU
		{3B776BD4-0EDD-4A83-BC9A-3A53D6649AB0}.Debug|Any CPU.Build.0 = Debug|Any CPU
		{3B776BD4-0EDD-4A83-BC9A-3A53D6649AB0}.docs|Any CPU.ActiveCfg = Debug|Any CPU
		{3B776BD4-0EDD-4A83-BC9A-3A53D6649AB0}.docs|Any CPU.Build.0 = Debug|Any CPU
		{3B776BD4-0EDD-4A83-BC9A-3A53D6649AB0}.Release|Any CPU.ActiveCfg = Release|Any CPU
		{3B776BD4-0EDD-4A83-BC9A-3A53D6649AB0}.Release|Any CPU.Build.0 = Release|Any CPU
		{67B7945C-CCBE-43CC-B302-4EFE87DD9DF5}.Debug|Any CPU.ActiveCfg = Debug|Any CPU
		{67B7945C-CCBE-43CC-B302-4EFE87DD9DF5}.Debug|Any CPU.Build.0 = Debug|Any CPU
		{67B7945C-CCBE-43CC-B302-4EFE87DD9DF5}.docs|Any CPU.ActiveCfg = Debug|Any CPU
		{67B7945C-CCBE-43CC-B302-4EFE87DD9DF5}.docs|Any CPU.Build.0 = Debug|Any CPU
		{67B7945C-CCBE-43CC-B302-4EFE87DD9DF5}.Release|Any CPU.ActiveCfg = Release|Any CPU
		{67B7945C-CCBE-43CC-B302-4EFE87DD9DF5}.Release|Any CPU.Build.0 = Release|Any CPU
		{1CD466E7-48CF-45EF-BE1F-29C17F705B39}.Debug|Any CPU.ActiveCfg = Debug|Any CPU
		{1CD466E7-48CF-45EF-BE1F-29C17F705B39}.Debug|Any CPU.Build.0 = Debug|Any CPU
		{1CD466E7-48CF-45EF-BE1F-29C17F705B39}.docs|Any CPU.ActiveCfg = Debug|Any CPU
		{1CD466E7-48CF-45EF-BE1F-29C17F705B39}.docs|Any CPU.Build.0 = Debug|Any CPU
		{1CD466E7-48CF-45EF-BE1F-29C17F705B39}.Release|Any CPU.ActiveCfg = Release|Any CPU
		{1CD466E7-48CF-45EF-BE1F-29C17F705B39}.Release|Any CPU.Build.0 = Release|Any CPU
		{467A4F57-7791-4771-B7FC-0EEAD508723D}.Debug|Any CPU.ActiveCfg = Debug|Any CPU
		{467A4F57-7791-4771-B7FC-0EEAD508723D}.docs|Any CPU.ActiveCfg = docs|Any CPU
		{467A4F57-7791-4771-B7FC-0EEAD508723D}.docs|Any CPU.Build.0 = docs|Any CPU
		{467A4F57-7791-4771-B7FC-0EEAD508723D}.Release|Any CPU.ActiveCfg = Release|Any CPU
		{467A4F57-7791-4771-B7FC-0EEAD508723D}.Release|Any CPU.Build.0 = Release|Any CPU
		{17EA0D63-524B-4871-AFDF-CE988D3554FC}.Debug|Any CPU.ActiveCfg = Debug|Any CPU
		{17EA0D63-524B-4871-AFDF-CE988D3554FC}.Debug|Any CPU.Build.0 = Debug|Any CPU
		{17EA0D63-524B-4871-AFDF-CE988D3554FC}.docs|Any CPU.ActiveCfg = Debug|Any CPU
		{17EA0D63-524B-4871-AFDF-CE988D3554FC}.docs|Any CPU.Build.0 = Debug|Any CPU
		{17EA0D63-524B-4871-AFDF-CE988D3554FC}.Release|Any CPU.ActiveCfg = Release|Any CPU
		{17EA0D63-524B-4871-AFDF-CE988D3554FC}.Release|Any CPU.Build.0 = Release|Any CPU
		{F40E3779-B691-44B9-A820-577C5C11035F}.Debug|Any CPU.ActiveCfg = Debug|Any CPU
		{F40E3779-B691-44B9-A820-577C5C11035F}.Debug|Any CPU.Build.0 = Debug|Any CPU
		{F40E3779-B691-44B9-A820-577C5C11035F}.docs|Any CPU.ActiveCfg = Debug|Any CPU
		{F40E3779-B691-44B9-A820-577C5C11035F}.docs|Any CPU.Build.0 = Debug|Any CPU
		{F40E3779-B691-44B9-A820-577C5C11035F}.Release|Any CPU.ActiveCfg = Release|Any CPU
		{F40E3779-B691-44B9-A820-577C5C11035F}.Release|Any CPU.Build.0 = Release|Any CPU
		{15EE4C6D-8DA3-487C-B0CD-17777214D7FA}.Debug|Any CPU.ActiveCfg = Debug|Any CPU
		{15EE4C6D-8DA3-487C-B0CD-17777214D7FA}.Debug|Any CPU.Build.0 = Debug|Any CPU
		{15EE4C6D-8DA3-487C-B0CD-17777214D7FA}.docs|Any CPU.ActiveCfg = Debug|Any CPU
		{15EE4C6D-8DA3-487C-B0CD-17777214D7FA}.docs|Any CPU.Build.0 = Debug|Any CPU
		{15EE4C6D-8DA3-487C-B0CD-17777214D7FA}.Release|Any CPU.ActiveCfg = Release|Any CPU
		{15EE4C6D-8DA3-487C-B0CD-17777214D7FA}.Release|Any CPU.Build.0 = Release|Any CPU
		{19B23E13-70E8-4E18-A2FA-F0C3F37313FE}.Debug|Any CPU.ActiveCfg = Debug|Any CPU
		{19B23E13-70E8-4E18-A2FA-F0C3F37313FE}.Debug|Any CPU.Build.0 = Debug|Any CPU
		{19B23E13-70E8-4E18-A2FA-F0C3F37313FE}.docs|Any CPU.ActiveCfg = Debug|Any CPU
		{19B23E13-70E8-4E18-A2FA-F0C3F37313FE}.docs|Any CPU.Build.0 = Debug|Any CPU
		{19B23E13-70E8-4E18-A2FA-F0C3F37313FE}.Release|Any CPU.ActiveCfg = Release|Any CPU
		{19B23E13-70E8-4E18-A2FA-F0C3F37313FE}.Release|Any CPU.Build.0 = Release|Any CPU
		{5D9F2751-088C-422F-B251-0852E890A3E2}.Debug|Any CPU.ActiveCfg = Debug|Any CPU
		{5D9F2751-088C-422F-B251-0852E890A3E2}.Debug|Any CPU.Build.0 = Debug|Any CPU
		{5D9F2751-088C-422F-B251-0852E890A3E2}.docs|Any CPU.ActiveCfg = Debug|Any CPU
		{5D9F2751-088C-422F-B251-0852E890A3E2}.docs|Any CPU.Build.0 = Debug|Any CPU
		{5D9F2751-088C-422F-B251-0852E890A3E2}.Release|Any CPU.ActiveCfg = Release|Any CPU
		{5D9F2751-088C-422F-B251-0852E890A3E2}.Release|Any CPU.Build.0 = Release|Any CPU
		{D0C22390-0BD6-4837-8CE5-149F80E6BA4E}.Debug|Any CPU.ActiveCfg = Debug|Any CPU
		{D0C22390-0BD6-4837-8CE5-149F80E6BA4E}.Debug|Any CPU.Build.0 = Debug|Any CPU
		{D0C22390-0BD6-4837-8CE5-149F80E6BA4E}.docs|Any CPU.ActiveCfg = Debug|Any CPU
		{D0C22390-0BD6-4837-8CE5-149F80E6BA4E}.docs|Any CPU.Build.0 = Debug|Any CPU
		{D0C22390-0BD6-4837-8CE5-149F80E6BA4E}.Release|Any CPU.ActiveCfg = Release|Any CPU
		{D0C22390-0BD6-4837-8CE5-149F80E6BA4E}.Release|Any CPU.Build.0 = Release|Any CPU
		{F26F80BD-33FC-4ACF-8FFC-45E05A07445A}.Debug|Any CPU.ActiveCfg = Debug|Any CPU
		{F26F80BD-33FC-4ACF-8FFC-45E05A07445A}.Debug|Any CPU.Build.0 = Debug|Any CPU
		{F26F80BD-33FC-4ACF-8FFC-45E05A07445A}.docs|Any CPU.ActiveCfg = Debug|Any CPU
		{F26F80BD-33FC-4ACF-8FFC-45E05A07445A}.docs|Any CPU.Build.0 = Debug|Any CPU
		{F26F80BD-33FC-4ACF-8FFC-45E05A07445A}.Release|Any CPU.ActiveCfg = Release|Any CPU
		{F26F80BD-33FC-4ACF-8FFC-45E05A07445A}.Release|Any CPU.Build.0 = Release|Any CPU
		{4F93CA8C-D3EE-4FB5-B357-98510A967436}.Debug|Any CPU.ActiveCfg = Debug|Any CPU
		{4F93CA8C-D3EE-4FB5-B357-98510A967436}.Debug|Any CPU.Build.0 = Debug|Any CPU
		{4F93CA8C-D3EE-4FB5-B357-98510A967436}.docs|Any CPU.ActiveCfg = Debug|Any CPU
		{4F93CA8C-D3EE-4FB5-B357-98510A967436}.docs|Any CPU.Build.0 = Debug|Any CPU
		{4F93CA8C-D3EE-4FB5-B357-98510A967436}.Release|Any CPU.ActiveCfg = Release|Any CPU
		{4F93CA8C-D3EE-4FB5-B357-98510A967436}.Release|Any CPU.Build.0 = Release|Any CPU
		{97A297D3-CAA7-4ECD-82A2-0987A1E00A80}.Debug|Any CPU.ActiveCfg = Debug|Any CPU
		{97A297D3-CAA7-4ECD-82A2-0987A1E00A80}.Debug|Any CPU.Build.0 = Debug|Any CPU
		{97A297D3-CAA7-4ECD-82A2-0987A1E00A80}.docs|Any CPU.ActiveCfg = Debug|Any CPU
		{97A297D3-CAA7-4ECD-82A2-0987A1E00A80}.docs|Any CPU.Build.0 = Debug|Any CPU
		{97A297D3-CAA7-4ECD-82A2-0987A1E00A80}.Release|Any CPU.ActiveCfg = Release|Any CPU
		{97A297D3-CAA7-4ECD-82A2-0987A1E00A80}.Release|Any CPU.Build.0 = Release|Any CPU
	EndGlobalSection
	GlobalSection(SolutionProperties) = preSolution
		HideSolutionNode = FALSE
	EndGlobalSection
	GlobalSection(NestedProjects) = preSolution
		{1CD466E7-48CF-45EF-BE1F-29C17F705B39} = {B8172724-1234-456D-BA08-2474E308C2BF}
		{17EA0D63-524B-4871-AFDF-CE988D3554FC} = {E58CA837-214A-4CBD-9C11-E7E1FAB841E6}
		{FE65D43F-7A41-4448-A23E-E574CC91A185} = {8C1D34C7-3F68-4179-BC52-B5527F718DF3}
		{F40E3779-B691-44B9-A820-577C5C11035F} = {4FEABA1C-5509-4CD0-8850-2420EFA57F41}
		{15EE4C6D-8DA3-487C-B0CD-17777214D7FA} = {FE65D43F-7A41-4448-A23E-E574CC91A185}
		{19B23E13-70E8-4E18-A2FA-F0C3F37313FE} = {5E8FE8CC-64E0-45B0-AC5F-E1E1ADA8A7EE}
		{5D9F2751-088C-422F-B251-0852E890A3E2} = {5E8FE8CC-64E0-45B0-AC5F-E1E1ADA8A7EE}
		{D0C22390-0BD6-4837-8CE5-149F80E6BA4E} = {5E8FE8CC-64E0-45B0-AC5F-E1E1ADA8A7EE}
		{4FEABA1C-5509-4CD0-8850-2420EFA57F41} = {FE65D43F-7A41-4448-A23E-E574CC91A185}
		{5E8FE8CC-64E0-45B0-AC5F-E1E1ADA8A7EE} = {FE65D43F-7A41-4448-A23E-E574CC91A185}
		{F26F80BD-33FC-4ACF-8FFC-45E05A07445A} = {E58CA837-214A-4CBD-9C11-E7E1FAB841E6}
		{4F93CA8C-D3EE-4FB5-B357-98510A967436} = {E58CA837-214A-4CBD-9C11-E7E1FAB841E6}
		{E58CA837-214A-4CBD-9C11-E7E1FAB841E6} = {B3096AB7-66BF-47C2-8EFE-92DB9B5CB295}
	EndGlobalSection
	GlobalSection(ExtensibilityGlobals) = postSolution
		SolutionGuid = {275B298E-4082-4323-8E00-FB580CDC1E06}
	EndGlobalSection
EndGlobal
