
Microsoft Visual Studio Solution File, Format Version 12.00
# Visual Studio 15
VisualStudioVersion = 15.0.27130.2027
MinimumVisualStudioVersion = 10.0.40219.1
Project("{9A19103F-16F7-4668-BE54-9A1E7A4F7556}") = "Composable.CQRS", "framework\Composable.CQRS\Composable.CQRS.csproj", "{3632254D-0C4A-4EB8-B388-4C99F8939584}"
EndProject
Project("{9A19103F-16F7-4668-BE54-9A1E7A4F7556}") = "Composable.CQRS.Tests", "framework\Composable.CQRS.Tests\Composable.CQRS.Tests.csproj", "{4C78131D-DD7B-4C3E-B931-D4C6436EE09E}"
EndProject
Project("{9A19103F-16F7-4668-BE54-9A1E7A4F7556}") = "Composable.CQRS.ExternalDependencies", "framework\Composable.CQRS.ExternalDependencies\Composable.CQRS.ExternalDependencies.csproj", "{3B776BD4-0EDD-4A83-BC9A-3A53D6649AB0}"
EndProject
Project("{2150E333-8FDC-42A3-9474-1A3956D46DE8}") = "Packaging", "Packaging", "{691518D4-146C-43DA-95A0-F8BFB0283AFC}"
	ProjectSection(SolutionItems) = preProject
		buildpackages.ps1 = buildpackages.ps1
		CommonAssemblyInfo.cs = CommonAssemblyInfo.cs
	EndProjectSection
EndProject
Project("{7CF6DF6D-3B04-46F8-A40B-537D21BCA0B4}") = "SandcastleDocumentation", "framework\SandcastleDocumentation\SandcastleDocumentation.shfbproj", "{467A4F57-7791-4771-B7FC-0EEAD508723D}"
	ProjectSection(ProjectDependencies) = postProject
		{4C78131D-DD7B-4C3E-B931-D4C6436EE09E} = {4C78131D-DD7B-4C3E-B931-D4C6436EE09E}
		{3632254D-0C4A-4EB8-B388-4C99F8939584} = {3632254D-0C4A-4EB8-B388-4C99F8939584}
		{3B776BD4-0EDD-4A83-BC9A-3A53D6649AB0} = {3B776BD4-0EDD-4A83-BC9A-3A53D6649AB0}
	EndProjectSection
EndProject
Project("{2150E333-8FDC-42A3-9474-1A3956D46DE8}") = "Samples", "Samples", "{8C1D34C7-3F68-4179-BC52-B5527F718DF3}"
EndProject
Project("{2150E333-8FDC-42A3-9474-1A3956D46DE8}") = "AccountManagement", "AccountManagement", "{FE65D43F-7A41-4448-A23E-E574CC91A185}"
EndProject
Project("{9A19103F-16F7-4668-BE54-9A1E7A4F7556}") = "AccountManagement.Server", "Samples\AccountManagement\AccountManagement.Server\AccountManagement.Server.csproj", "{F40E3779-B691-44B9-A820-577C5C11035F}"
EndProject
Project("{9A19103F-16F7-4668-BE54-9A1E7A4F7556}") = "AccountManagement.Tests", "Samples\AccountManagement\AccountManagement.Tests\AccountManagement.Tests.csproj", "{15EE4C6D-8DA3-487C-B0CD-17777214D7FA}"
EndProject
Project("{9A19103F-16F7-4668-BE54-9A1E7A4F7556}") = "AccountManagement.API", "Samples\AccountManagement\AccountManagement.API\AccountManagement.API.csproj", "{19B23E13-70E8-4E18-A2FA-F0C3F37313FE}"
EndProject
Project("{2150E333-8FDC-42A3-9474-1A3956D46DE8}") = "Solution Items", "Solution Items", "{F37276A7-E72D-49E1-9F74-06134C77B5FA}"
	ProjectSection(SolutionItems) = preProject
		.editorconfig = .editorconfig
		..\README.md = ..\README.md
	EndProjectSection
EndProject
Project("{9A19103F-16F7-4668-BE54-9A1E7A4F7556}") = "AccountManagement.Domain.Events", "Samples\AccountManagement\AccountManagement.Domain.Events\AccountManagement.Domain.Events.csproj", "{1D6122CA-D55B-44C1-B313-0BC0D6F39A59}"
EndProject
Project("{9A19103F-16F7-4668-BE54-9A1E7A4F7556}") = "AccountManagement.UI.MVC", "Samples\AccountManagement\AccountManagement.UI.MVC\AccountManagement.UI.MVC.csproj", "{151A5ECC-76FE-47C3-A0BB-54F7FDF80736}"
EndProject
Global
	GlobalSection(SolutionConfigurationPlatforms) = preSolution
		Debug|Any CPU = Debug|Any CPU
		docs|Any CPU = docs|Any CPU
		Release|Any CPU = Release|Any CPU
	EndGlobalSection
	GlobalSection(ProjectConfigurationPlatforms) = postSolution
		{3632254D-0C4A-4EB8-B388-4C99F8939584}.Debug|Any CPU.ActiveCfg = Debug|Any CPU
		{3632254D-0C4A-4EB8-B388-4C99F8939584}.Debug|Any CPU.Build.0 = Debug|Any CPU
		{3632254D-0C4A-4EB8-B388-4C99F8939584}.docs|Any CPU.ActiveCfg = Debug|Any CPU
		{3632254D-0C4A-4EB8-B388-4C99F8939584}.docs|Any CPU.Build.0 = Debug|Any CPU
		{3632254D-0C4A-4EB8-B388-4C99F8939584}.Release|Any CPU.ActiveCfg = Release|Any CPU
		{3632254D-0C4A-4EB8-B388-4C99F8939584}.Release|Any CPU.Build.0 = Release|Any CPU
		{4C78131D-DD7B-4C3E-B931-D4C6436EE09E}.Debug|Any CPU.ActiveCfg = Debug|Any CPU
		{4C78131D-DD7B-4C3E-B931-D4C6436EE09E}.Debug|Any CPU.Build.0 = Debug|Any CPU
		{4C78131D-DD7B-4C3E-B931-D4C6436EE09E}.docs|Any CPU.ActiveCfg = Debug|Any CPU
		{4C78131D-DD7B-4C3E-B931-D4C6436EE09E}.docs|Any CPU.Build.0 = Debug|Any CPU
		{4C78131D-DD7B-4C3E-B931-D4C6436EE09E}.Release|Any CPU.ActiveCfg = Release|Any CPU
		{4C78131D-DD7B-4C3E-B931-D4C6436EE09E}.Release|Any CPU.Build.0 = Release|Any CPU
		{3B776BD4-0EDD-4A83-BC9A-3A53D6649AB0}.Debug|Any CPU.ActiveCfg = Debug|Any CPU
		{3B776BD4-0EDD-4A83-BC9A-3A53D6649AB0}.Debug|Any CPU.Build.0 = Debug|Any CPU
		{3B776BD4-0EDD-4A83-BC9A-3A53D6649AB0}.docs|Any CPU.ActiveCfg = Debug|Any CPU
		{3B776BD4-0EDD-4A83-BC9A-3A53D6649AB0}.docs|Any CPU.Build.0 = Debug|Any CPU
		{3B776BD4-0EDD-4A83-BC9A-3A53D6649AB0}.Release|Any CPU.ActiveCfg = Release|Any CPU
		{3B776BD4-0EDD-4A83-BC9A-3A53D6649AB0}.Release|Any CPU.Build.0 = Release|Any CPU
		{467A4F57-7791-4771-B7FC-0EEAD508723D}.Debug|Any CPU.ActiveCfg = Debug|Any CPU
		{467A4F57-7791-4771-B7FC-0EEAD508723D}.docs|Any CPU.ActiveCfg = docs|Any CPU
		{467A4F57-7791-4771-B7FC-0EEAD508723D}.docs|Any CPU.Build.0 = docs|Any CPU
		{467A4F57-7791-4771-B7FC-0EEAD508723D}.Release|Any CPU.ActiveCfg = Release|Any CPU
		{F40E3779-B691-44B9-A820-577C5C11035F}.Debug|Any CPU.ActiveCfg = Debug|Any CPU
		{F40E3779-B691-44B9-A820-577C5C11035F}.Debug|Any CPU.Build.0 = Debug|Any CPU
		{F40E3779-B691-44B9-A820-577C5C11035F}.docs|Any CPU.ActiveCfg = Debug|Any CPU
		{F40E3779-B691-44B9-A820-577C5C11035F}.docs|Any CPU.Build.0 = Debug|Any CPU
		{F40E3779-B691-44B9-A820-577C5C11035F}.Release|Any CPU.ActiveCfg = Release|Any CPU
		{F40E3779-B691-44B9-A820-577C5C11035F}.Release|Any CPU.Build.0 = Release|Any CPU
		{15EE4C6D-8DA3-487C-B0CD-17777214D7FA}.Debug|Any CPU.ActiveCfg = Debug|Any CPU
		{15EE4C6D-8DA3-487C-B0CD-17777214D7FA}.Debug|Any CPU.Build.0 = Debug|Any CPU
		{15EE4C6D-8DA3-487C-B0CD-17777214D7FA}.docs|Any CPU.ActiveCfg = Debug|Any CPU
		{15EE4C6D-8DA3-487C-B0CD-17777214D7FA}.docs|Any CPU.Build.0 = Debug|Any CPU
		{15EE4C6D-8DA3-487C-B0CD-17777214D7FA}.Release|Any CPU.ActiveCfg = Release|Any CPU
		{15EE4C6D-8DA3-487C-B0CD-17777214D7FA}.Release|Any CPU.Build.0 = Release|Any CPU
		{19B23E13-70E8-4E18-A2FA-F0C3F37313FE}.Debug|Any CPU.ActiveCfg = Debug|Any CPU
		{19B23E13-70E8-4E18-A2FA-F0C3F37313FE}.Debug|Any CPU.Build.0 = Debug|Any CPU
		{19B23E13-70E8-4E18-A2FA-F0C3F37313FE}.docs|Any CPU.ActiveCfg = Debug|Any CPU
		{19B23E13-70E8-4E18-A2FA-F0C3F37313FE}.docs|Any CPU.Build.0 = Debug|Any CPU
		{19B23E13-70E8-4E18-A2FA-F0C3F37313FE}.Release|Any CPU.ActiveCfg = Release|Any CPU
		{19B23E13-70E8-4E18-A2FA-F0C3F37313FE}.Release|Any CPU.Build.0 = Release|Any CPU
		{1D6122CA-D55B-44C1-B313-0BC0D6F39A59}.Debug|Any CPU.ActiveCfg = Debug|Any CPU
		{1D6122CA-D55B-44C1-B313-0BC0D6F39A59}.Debug|Any CPU.Build.0 = Debug|Any CPU
		{1D6122CA-D55B-44C1-B313-0BC0D6F39A59}.docs|Any CPU.ActiveCfg = Debug|Any CPU
		{1D6122CA-D55B-44C1-B313-0BC0D6F39A59}.docs|Any CPU.Build.0 = Debug|Any CPU
		{1D6122CA-D55B-44C1-B313-0BC0D6F39A59}.Release|Any CPU.ActiveCfg = Release|Any CPU
		{1D6122CA-D55B-44C1-B313-0BC0D6F39A59}.Release|Any CPU.Build.0 = Release|Any CPU
		{151A5ECC-76FE-47C3-A0BB-54F7FDF80736}.Debug|Any CPU.ActiveCfg = Debug|Any CPU
		{151A5ECC-76FE-47C3-A0BB-54F7FDF80736}.Debug|Any CPU.Build.0 = Debug|Any CPU
		{151A5ECC-76FE-47C3-A0BB-54F7FDF80736}.docs|Any CPU.ActiveCfg = Debug|Any CPU
		{151A5ECC-76FE-47C3-A0BB-54F7FDF80736}.docs|Any CPU.Build.0 = Debug|Any CPU
		{151A5ECC-76FE-47C3-A0BB-54F7FDF80736}.Release|Any CPU.ActiveCfg = Release|Any CPU
		{151A5ECC-76FE-47C3-A0BB-54F7FDF80736}.Release|Any CPU.Build.0 = Release|Any CPU
	EndGlobalSection
	GlobalSection(SolutionProperties) = preSolution
		HideSolutionNode = FALSE
	EndGlobalSection
	GlobalSection(NestedProjects) = preSolution
		{FE65D43F-7A41-4448-A23E-E574CC91A185} = {8C1D34C7-3F68-4179-BC52-B5527F718DF3}
		{F40E3779-B691-44B9-A820-577C5C11035F} = {FE65D43F-7A41-4448-A23E-E574CC91A185}
		{15EE4C6D-8DA3-487C-B0CD-17777214D7FA} = {FE65D43F-7A41-4448-A23E-E574CC91A185}
		{19B23E13-70E8-4E18-A2FA-F0C3F37313FE} = {FE65D43F-7A41-4448-A23E-E574CC91A185}
		{1D6122CA-D55B-44C1-B313-0BC0D6F39A59} = {FE65D43F-7A41-4448-A23E-E574CC91A185}
		{151A5ECC-76FE-47C3-A0BB-54F7FDF80736} = {FE65D43F-7A41-4448-A23E-E574CC91A185}
	EndGlobalSection
	GlobalSection(ExtensibilityGlobals) = postSolution
		SolutionGuid = {275B298E-4082-4323-8E00-FB580CDC1E06}
	EndGlobalSection
EndGlobal
